// !$*UTF8*$!
{
	archiveVersion = 1;
	classes = {
	};
	objectVersion = 46;
	objects = {

/* Begin PBXBuildFile section */
		8E4621D91AD6B4F500414675 /* AKANumberTextField.h in Headers */ = {isa = PBXBuildFile; fileRef = 8E4621D71AD6B4F500414675 /* AKANumberTextField.h */; settings = {ATTRIBUTES = (Public, ); }; };
		8E4621DA1AD6B4F500414675 /* AKANumberTextField.m in Sources */ = {isa = PBXBuildFile; fileRef = 8E4621D81AD6B4F500414675 /* AKANumberTextField.m */; };
		8E4621DC1AD6B9BD00414675 /* AKATextField_Protected.h in Headers */ = {isa = PBXBuildFile; fileRef = 8E4621DB1AD6B9BD00414675 /* AKATextField_Protected.h */; settings = {ATTRIBUTES = (Public, ); }; };
		8E485E511AD1F0940078417E /* AKAViewBindingConfiguration.h in Headers */ = {isa = PBXBuildFile; fileRef = 8E485E4F1AD1F0940078417E /* AKAViewBindingConfiguration.h */; settings = {ATTRIBUTES = (Public, ); }; };
		8E485E521AD1F0940078417E /* AKAViewBindingConfiguration.m in Sources */ = {isa = PBXBuildFile; fileRef = 8E485E501AD1F0940078417E /* AKAViewBindingConfiguration.m */; };
		8E485E541AD1FD710078417E /* AKAViewBinding.h in Headers */ = {isa = PBXBuildFile; fileRef = 8E485E531AD1FD710078417E /* AKAViewBinding.h */; settings = {ATTRIBUTES = (Public, ); }; };
		8E485E561AD26BC90078417E /* AKAViewBinding.m in Sources */ = {isa = PBXBuildFile; fileRef = 8E485E551AD26BC90078417E /* AKAViewBinding.m */; };
		8E485E591AD2D0900078417E /* AKACompositeViewBindingConfiguration.h in Headers */ = {isa = PBXBuildFile; fileRef = 8E485E571AD2D0900078417E /* AKACompositeViewBindingConfiguration.h */; settings = {ATTRIBUTES = (Public, ); }; };
		8E485E5A1AD2D0900078417E /* AKACompositeViewBindingConfiguration.m in Sources */ = {isa = PBXBuildFile; fileRef = 8E485E581AD2D0900078417E /* AKACompositeViewBindingConfiguration.m */; };
		8E4F385E1AC1D6BD00EB1322 /* AKAThemeProviderProtocol.h in Headers */ = {isa = PBXBuildFile; fileRef = 8E4F385D1AC1D6BD00EB1322 /* AKAThemeProviderProtocol.h */; settings = {ATTRIBUTES = (Public, ); }; };
		8E4F38611AC1D7FB00EB1322 /* UIView+AKAThemeProvider.h in Headers */ = {isa = PBXBuildFile; fileRef = 8E4F385F1AC1D7FB00EB1322 /* UIView+AKAThemeProvider.h */; settings = {ATTRIBUTES = (Public, ); }; };
		8E4F38621AC1D7FB00EB1322 /* UIView+AKAThemeProvider.m in Sources */ = {isa = PBXBuildFile; fileRef = 8E4F38601AC1D7FB00EB1322 /* UIView+AKAThemeProvider.m */; };
		8E4F38691AC2CA0400EB1322 /* AKAThemeTests.m in Sources */ = {isa = PBXBuildFile; fileRef = 8E4F38681AC2CA0400EB1322 /* AKAThemeTests.m */; };
		8E4F386A1AC2D42900EB1322 /* AKALabel.m in Sources */ = {isa = PBXBuildFile; fileRef = 8EF251BE1AB84AF2005CDE34 /* AKALabel.m */; };
		8E6C52601AD87B850011525A /* AKAKeyboardActivationSequenceAccessoryView.h in Headers */ = {isa = PBXBuildFile; fileRef = 8E6C525E1AD87B850011525A /* AKAKeyboardActivationSequenceAccessoryView.h */; settings = {ATTRIBUTES = (Public, ); }; };
		8E6C52611AD87B850011525A /* AKAKeyboardActivationSequenceAccessoryView.m in Sources */ = {isa = PBXBuildFile; fileRef = 8E6C525F1AD87B850011525A /* AKAKeyboardActivationSequenceAccessoryView.m */; };
		8E796F671AB8522F0014EC1E /* AKAControls.h in Headers */ = {isa = PBXBuildFile; fileRef = 8E796F661AB8522F0014EC1E /* AKAControls.h */; settings = {ATTRIBUTES = (Public, ); }; };
		8E8114091ACAF282004F5665 /* UIView+AKABinding.h in Headers */ = {isa = PBXBuildFile; fileRef = 8E8114071ACAF282004F5665 /* UIView+AKABinding.h */; settings = {ATTRIBUTES = (Public, ); }; };
		8E81140A1ACAF282004F5665 /* UIView+AKABinding.m in Sources */ = {isa = PBXBuildFile; fileRef = 8E8114081ACAF282004F5665 /* UIView+AKABinding.m */; };
		8EBA32DC1AB9D861007436AA /* AKATextFieldBinding.h in Headers */ = {isa = PBXBuildFile; fileRef = 8EBA32DA1AB9D861007436AA /* AKATextFieldBinding.h */; settings = {ATTRIBUTES = (Public, ); }; };
		8EBA32DD1AB9D861007436AA /* AKATextFieldBinding.m in Sources */ = {isa = PBXBuildFile; fileRef = 8EBA32DB1AB9D861007436AA /* AKATextFieldBinding.m */; };
		8EBA33A11ABB69F9007436AA /* AKACompositeControl_Internal.h in Headers */ = {isa = PBXBuildFile; fileRef = 8EBA33A01ABB69F9007436AA /* AKACompositeControl_Internal.h */; settings = {ATTRIBUTES = (Private, ); }; };
		8EBA33A41ABBFD62007436AA /* AKATextEditorControlView.h in Headers */ = {isa = PBXBuildFile; fileRef = 8EBA33A21ABBFD62007436AA /* AKATextEditorControlView.h */; settings = {ATTRIBUTES = (Public, ); }; };
		8EBA33A51ABBFD62007436AA /* AKATextEditorControlView.m in Sources */ = {isa = PBXBuildFile; fileRef = 8EBA33A31ABBFD62007436AA /* AKATextEditorControlView.m */; };
		8EBA33AB1ABC177F007436AA /* AKAEditorControlView_Protected.h in Headers */ = {isa = PBXBuildFile; fileRef = 8EBA33AA1ABC177F007436AA /* AKAEditorControlView_Protected.h */; settings = {ATTRIBUTES = (Public, ); }; };
		8EBD90821ACB00EA0029A5A2 /* AKALabelBinding.h in Headers */ = {isa = PBXBuildFile; fileRef = 8EBD90801ACB00EA0029A5A2 /* AKALabelBinding.h */; settings = {ATTRIBUTES = (Public, ); }; };
		8EBD90831ACB00EA0029A5A2 /* AKALabelBinding.m in Sources */ = {isa = PBXBuildFile; fileRef = 8EBD90811ACB00EA0029A5A2 /* AKALabelBinding.m */; };
		8EBD90861ACB15220029A5A2 /* AKASwitchBinding.h in Headers */ = {isa = PBXBuildFile; fileRef = 8EBD90841ACB15220029A5A2 /* AKASwitchBinding.h */; settings = {ATTRIBUTES = (Public, ); }; };
		8EBD90871ACB15220029A5A2 /* AKASwitchBinding.m in Sources */ = {isa = PBXBuildFile; fileRef = 8EBD90851ACB15220029A5A2 /* AKASwitchBinding.m */; };
		8ED26B484B3466807EC06B6D /* Pods.framework in Frameworks */ = {isa = PBXBuildFile; fileRef = 22A2F4FCC071579F7AEF99BE /* Pods.framework */; settings = {ATTRIBUTES = (Weak, ); }; };
		8EECDAA41AC59664001A6826 /* AKASubviewsSpecification.h in Headers */ = {isa = PBXBuildFile; fileRef = 8EECDAA21AC59664001A6826 /* AKASubviewsSpecification.h */; settings = {ATTRIBUTES = (Public, ); }; };
		8EECDAA51AC59664001A6826 /* AKASubviewsSpecification.m in Sources */ = {isa = PBXBuildFile; fileRef = 8EECDAA31AC59664001A6826 /* AKASubviewsSpecification.m */; };
		8EECDAB31AC7A00D001A6826 /* AKAThemableContainerView_Protected.h in Headers */ = {isa = PBXBuildFile; fileRef = 8EECDAB21AC7A00D001A6826 /* AKAThemableContainerView_Protected.h */; settings = {ATTRIBUTES = (Public, ); }; };
		8EECDAB91AC97B80001A6826 /* Podfile in Resources */ = {isa = PBXBuildFile; fileRef = 8EECDAB81AC97B80001A6826 /* Podfile */; };
		8EECDABB1AC97B91001A6826 /* AKAControls.podspec in Resources */ = {isa = PBXBuildFile; fileRef = 8EECDABA1AC97B91001A6826 /* AKAControls.podspec */; };
		8EECDAC01AC9CC22001A6826 /* AKAPasswordEditorControlView.h in Headers */ = {isa = PBXBuildFile; fileRef = 8EECDABE1AC9CC22001A6826 /* AKAPasswordEditorControlView.h */; settings = {ATTRIBUTES = (Public, ); }; };
		8EECDAC11AC9CC22001A6826 /* AKAPasswordEditorControlView.m in Sources */ = {isa = PBXBuildFile; fileRef = 8EECDABF1AC9CC22001A6826 /* AKAPasswordEditorControlView.m */; };
		8EECDAC41AC9CDA7001A6826 /* AKASwitchEditorControlView.h in Headers */ = {isa = PBXBuildFile; fileRef = 8EECDAC21AC9CDA7001A6826 /* AKASwitchEditorControlView.h */; settings = {ATTRIBUTES = (Public, ); }; };
		8EECDAC51AC9CDA7001A6826 /* AKASwitchEditorControlView.m in Sources */ = {isa = PBXBuildFile; fileRef = 8EECDAC31AC9CDA7001A6826 /* AKASwitchEditorControlView.m */; };
		8EF07D6F1AD7429B00E8CCB6 /* AKAControlsStyleKit.h in Headers */ = {isa = PBXBuildFile; fileRef = 8EF07D6D1AD7429B00E8CCB6 /* AKAControlsStyleKit.h */; settings = {ATTRIBUTES = (Public, ); }; };
		8EF07D701AD7429B00E8CCB6 /* AKAControlsStyleKit.m in Sources */ = {isa = PBXBuildFile; fileRef = 8EF07D6E1AD7429B00E8CCB6 /* AKAControlsStyleKit.m */; };
		8EF07D731AD7CEB600E8CCB6 /* AKAKeyboardActivationSequence.h in Headers */ = {isa = PBXBuildFile; fileRef = 8EF07D711AD7CEB600E8CCB6 /* AKAKeyboardActivationSequence.h */; settings = {ATTRIBUTES = (Public, ); }; };
		8EF07D741AD7CEB600E8CCB6 /* AKAKeyboardActivationSequence.m in Sources */ = {isa = PBXBuildFile; fileRef = 8EF07D721AD7CEB600E8CCB6 /* AKAKeyboardActivationSequence.m */; };
		8EF07D771AD83AD500E8CCB6 /* AKAFormControl.h in Headers */ = {isa = PBXBuildFile; fileRef = 8EF07D751AD83AD500E8CCB6 /* AKAFormControl.h */; settings = {ATTRIBUTES = (Public, ); }; };
		8EF07D781AD83AD500E8CCB6 /* AKAFormControl.m in Sources */ = {isa = PBXBuildFile; fileRef = 8EF07D761AD83AD500E8CCB6 /* AKAFormControl.m */; };
		8EF251A31AB849E8005CDE34 /* AKAControls.framework in Frameworks */ = {isa = PBXBuildFile; fileRef = 8EF251971AB849E8005CDE34 /* AKAControls.framework */; };
		8EF251AA1AB849E8005CDE34 /* AKAControlsTests.m in Sources */ = {isa = PBXBuildFile; fileRef = 8EF251A91AB849E8005CDE34 /* AKAControlsTests.m */; };
		8EF251CD1AB84AF2005CDE34 /* AKAEditorControlView.m in Sources */ = {isa = PBXBuildFile; fileRef = 8EF251B31AB84AF2005CDE34 /* AKAEditorControlView.m */; };
		8EF251CE1AB84AF2005CDE34 /* AKAEditorControlView.h in Headers */ = {isa = PBXBuildFile; fileRef = 8EF251B41AB84AF2005CDE34 /* AKAEditorControlView.h */; settings = {ATTRIBUTES = (Public, ); }; };
		8EF251CF1AB84AF2005CDE34 /* AKASwitch.h in Headers */ = {isa = PBXBuildFile; fileRef = 8EF251B51AB84AF2005CDE34 /* AKASwitch.h */; settings = {ATTRIBUTES = (Public, ); }; };
		8EF251D01AB84AF2005CDE34 /* AKALabel.h in Headers */ = {isa = PBXBuildFile; fileRef = 8EF251B61AB84AF2005CDE34 /* AKALabel.h */; settings = {ATTRIBUTES = (Public, ); }; };
		8EF251D11AB84AF2005CDE34 /* AKATextField.h in Headers */ = {isa = PBXBuildFile; fileRef = 8EF251B71AB84AF2005CDE34 /* AKATextField.h */; settings = {ATTRIBUTES = (Public, ); }; };
		8EF251D41AB84AF2005CDE34 /* AKAControlViewProtocol.h in Headers */ = {isa = PBXBuildFile; fileRef = 8EF251BA1AB84AF2005CDE34 /* AKAControlViewProtocol.h */; settings = {ATTRIBUTES = (Public, ); }; };
		8EF251D51AB84AF2005CDE34 /* AKATextField.m in Sources */ = {isa = PBXBuildFile; fileRef = 8EF251BB1AB84AF2005CDE34 /* AKATextField.m */; };
		8EF251D61AB84AF2005CDE34 /* AKASwitch.m in Sources */ = {isa = PBXBuildFile; fileRef = 8EF251BC1AB84AF2005CDE34 /* AKASwitch.m */; };
		8EF251D71AB84AF2005CDE34 /* AKACompositeControl.m in Sources */ = {isa = PBXBuildFile; fileRef = 8EF251BD1AB84AF2005CDE34 /* AKACompositeControl.m */; };
		8EF251D81AB84AF2005CDE34 /* AKALabel.m in Sources */ = {isa = PBXBuildFile; fileRef = 8EF251BE1AB84AF2005CDE34 /* AKALabel.m */; };
		8EF251DA1AB84AF2005CDE34 /* AKAControl.m in Sources */ = {isa = PBXBuildFile; fileRef = 8EF251C01AB84AF2005CDE34 /* AKAControl.m */; };
		8EF251DB1AB84AF2005CDE34 /* AKACompositeControl.h in Headers */ = {isa = PBXBuildFile; fileRef = 8EF251C11AB84AF2005CDE34 /* AKACompositeControl.h */; settings = {ATTRIBUTES = (Public, ); }; };
		8EF251DC1AB84AF2005CDE34 /* AKAControl_Internal.h in Headers */ = {isa = PBXBuildFile; fileRef = 8EF251C21AB84AF2005CDE34 /* AKAControl_Internal.h */; settings = {ATTRIBUTES = (Private, ); }; };
		8EF251DD1AB84AF2005CDE34 /* AKAControl_Protected.h in Headers */ = {isa = PBXBuildFile; fileRef = 8EF251C31AB84AF2005CDE34 /* AKAControl_Protected.h */; settings = {ATTRIBUTES = (Public, ); }; };
		8EF251DE1AB84AF2005CDE34 /* AKAControl.h in Headers */ = {isa = PBXBuildFile; fileRef = 8EF251C41AB84AF2005CDE34 /* AKAControl.h */; settings = {ATTRIBUTES = (Public, ); }; };
		8EF251E31AB84AF2005CDE34 /* AKAControlsErrors.h in Headers */ = {isa = PBXBuildFile; fileRef = 8EF251C91AB84AF2005CDE34 /* AKAControlsErrors.h */; settings = {ATTRIBUTES = (Public, ); }; };
		8EF251E41AB84AF2005CDE34 /* AKAControlsErrors.m in Sources */ = {isa = PBXBuildFile; fileRef = 8EF251CA1AB84AF2005CDE34 /* AKAControlsErrors.m */; };
		8EF251E51AB84AF2005CDE34 /* AKAControlValidatorProtocol.h in Headers */ = {isa = PBXBuildFile; fileRef = 8EF251CB1AB84AF2005CDE34 /* AKAControlValidatorProtocol.h */; settings = {ATTRIBUTES = (Public, ); }; };
		8EF251E61AB84AF2005CDE34 /* AKAControlConverterProtocol.h in Headers */ = {isa = PBXBuildFile; fileRef = 8EF251CC1AB84AF2005CDE34 /* AKAControlConverterProtocol.h */; settings = {ATTRIBUTES = (Public, ); }; };
		8EFDA27A1AC41D2E004B8FBE /* AKATheme.h in Headers */ = {isa = PBXBuildFile; fileRef = 8EFDA2701AC41D2E004B8FBE /* AKATheme.h */; settings = {ATTRIBUTES = (Public, ); }; };
		8EFDA27B1AC41D2E004B8FBE /* AKALayoutConstraintSpecification.h in Headers */ = {isa = PBXBuildFile; fileRef = 8EFDA2711AC41D2E004B8FBE /* AKALayoutConstraintSpecification.h */; settings = {ATTRIBUTES = (Public, ); }; };
		8EFDA27C1AC41D2E004B8FBE /* AKALayoutConstraintSpecification.m in Sources */ = {isa = PBXBuildFile; fileRef = 8EFDA2721AC41D2E004B8FBE /* AKALayoutConstraintSpecification.m */; };
		8EFDA27D1AC41D2E004B8FBE /* AKAThemeLayout.m in Sources */ = {isa = PBXBuildFile; fileRef = 8EFDA2731AC41D2E004B8FBE /* AKAThemeLayout.m */; };
		8EFDA27E1AC41D2E004B8FBE /* AKAThemeLayout.h in Headers */ = {isa = PBXBuildFile; fileRef = 8EFDA2741AC41D2E004B8FBE /* AKAThemeLayout.h */; settings = {ATTRIBUTES = (Public, ); }; };
		8EFDA27F1AC41D2E004B8FBE /* AKATheme.m in Sources */ = {isa = PBXBuildFile; fileRef = 8EFDA2751AC41D2E004B8FBE /* AKATheme.m */; };
		8EFDA2801AC41D2E004B8FBE /* AKAThemeViewApplicability.h in Headers */ = {isa = PBXBuildFile; fileRef = 8EFDA2761AC41D2E004B8FBE /* AKAThemeViewApplicability.h */; settings = {ATTRIBUTES = (Public, ); }; };
		8EFDA2811AC41D2E004B8FBE /* AKAViewCustomization.h in Headers */ = {isa = PBXBuildFile; fileRef = 8EFDA2771AC41D2E004B8FBE /* AKAViewCustomization.h */; settings = {ATTRIBUTES = (Public, ); }; };
		8EFDA2821AC41D2E004B8FBE /* AKAViewCustomization.m in Sources */ = {isa = PBXBuildFile; fileRef = 8EFDA2781AC41D2E004B8FBE /* AKAViewCustomization.m */; };
		8EFDA2831AC41D2E004B8FBE /* AKAThemeViewApplicability.m in Sources */ = {isa = PBXBuildFile; fileRef = 8EFDA2791AC41D2E004B8FBE /* AKAThemeViewApplicability.m */; };
		8EFDA2861AC4CE98004B8FBE /* AKAThemableContainerView.h in Headers */ = {isa = PBXBuildFile; fileRef = 8EFDA2841AC4CE98004B8FBE /* AKAThemableContainerView.h */; settings = {ATTRIBUTES = (Public, ); }; };
		8EFDA2871AC4CE98004B8FBE /* AKAThemableContainerView.m in Sources */ = {isa = PBXBuildFile; fileRef = 8EFDA2851AC4CE98004B8FBE /* AKAThemableContainerView.m */; };
		8EFEC11F1ACFDF8F0005AE63 /* AKAControlsErrors_Internal.h in Headers */ = {isa = PBXBuildFile; fileRef = 8EFEC11E1ACFDF8F0005AE63 /* AKAControlsErrors_Internal.h */; };
		8EFEC1211AD0AA2D0005AE63 /* AKAControlDelegate.h in Headers */ = {isa = PBXBuildFile; fileRef = 8EFEC1201AD0AA2D0005AE63 /* AKAControlDelegate.h */; settings = {ATTRIBUTES = (Public, ); }; };
		8EFEC1231AD119690005AE63 /* AppledocSettings.plist in Resources */ = {isa = PBXBuildFile; fileRef = 8EFEC1221AD119690005AE63 /* AppledocSettings.plist */; };
/* End PBXBuildFile section */

/* Begin PBXContainerItemProxy section */
		8EF251A41AB849E8005CDE34 /* PBXContainerItemProxy */ = {
			isa = PBXContainerItemProxy;
			containerPortal = 8EF2518E1AB849E8005CDE34 /* Project object */;
			proxyType = 1;
			remoteGlobalIDString = 8EF251961AB849E8005CDE34;
			remoteInfo = AKAControls;
		};
/* End PBXContainerItemProxy section */

/* Begin PBXFileReference section */
		22A2F4FCC071579F7AEF99BE /* Pods.framework */ = {isa = PBXFileReference; explicitFileType = wrapper.framework; includeInIndex = 0; path = Pods.framework; sourceTree = BUILT_PRODUCTS_DIR; };
		8E4621D71AD6B4F500414675 /* AKANumberTextField.h */ = {isa = PBXFileReference; fileEncoding = 4; lastKnownFileType = sourcecode.c.h; name = AKANumberTextField.h; path = Classes/AKANumberTextField.h; sourceTree = "<group>"; };
		8E4621D81AD6B4F500414675 /* AKANumberTextField.m */ = {isa = PBXFileReference; fileEncoding = 4; lastKnownFileType = sourcecode.c.objc; name = AKANumberTextField.m; path = Classes/AKANumberTextField.m; sourceTree = "<group>"; };
		8E4621DB1AD6B9BD00414675 /* AKATextField_Protected.h */ = {isa = PBXFileReference; fileEncoding = 4; lastKnownFileType = sourcecode.c.h; name = AKATextField_Protected.h; path = Classes/AKATextField_Protected.h; sourceTree = "<group>"; };
		8E485E4F1AD1F0940078417E /* AKAViewBindingConfiguration.h */ = {isa = PBXFileReference; fileEncoding = 4; lastKnownFileType = sourcecode.c.h; name = AKAViewBindingConfiguration.h; path = Classes/AKAViewBindingConfiguration.h; sourceTree = "<group>"; };
		8E485E501AD1F0940078417E /* AKAViewBindingConfiguration.m */ = {isa = PBXFileReference; fileEncoding = 4; lastKnownFileType = sourcecode.c.objc; name = AKAViewBindingConfiguration.m; path = Classes/AKAViewBindingConfiguration.m; sourceTree = "<group>"; };
		8E485E531AD1FD710078417E /* AKAViewBinding.h */ = {isa = PBXFileReference; fileEncoding = 4; lastKnownFileType = sourcecode.c.h; name = AKAViewBinding.h; path = Classes/AKAViewBinding.h; sourceTree = "<group>"; };
		8E485E551AD26BC90078417E /* AKAViewBinding.m */ = {isa = PBXFileReference; fileEncoding = 4; lastKnownFileType = sourcecode.c.objc; name = AKAViewBinding.m; path = Classes/AKAViewBinding.m; sourceTree = "<group>"; };
		8E485E571AD2D0900078417E /* AKACompositeViewBindingConfiguration.h */ = {isa = PBXFileReference; fileEncoding = 4; lastKnownFileType = sourcecode.c.h; name = AKACompositeViewBindingConfiguration.h; path = Classes/AKACompositeViewBindingConfiguration.h; sourceTree = "<group>"; };
		8E485E581AD2D0900078417E /* AKACompositeViewBindingConfiguration.m */ = {isa = PBXFileReference; fileEncoding = 4; lastKnownFileType = sourcecode.c.objc; name = AKACompositeViewBindingConfiguration.m; path = Classes/AKACompositeViewBindingConfiguration.m; sourceTree = "<group>"; };
		8E4F385D1AC1D6BD00EB1322 /* AKAThemeProviderProtocol.h */ = {isa = PBXFileReference; fileEncoding = 4; lastKnownFileType = sourcecode.c.h; name = AKAThemeProviderProtocol.h; path = Classes/AKAThemeProviderProtocol.h; sourceTree = "<group>"; };
		8E4F385F1AC1D7FB00EB1322 /* UIView+AKAThemeProvider.h */ = {isa = PBXFileReference; fileEncoding = 4; lastKnownFileType = sourcecode.c.h; name = "UIView+AKAThemeProvider.h"; path = "Classes/UIView+AKAThemeProvider.h"; sourceTree = "<group>"; };
		8E4F38601AC1D7FB00EB1322 /* UIView+AKAThemeProvider.m */ = {isa = PBXFileReference; fileEncoding = 4; lastKnownFileType = sourcecode.c.objc; name = "UIView+AKAThemeProvider.m"; path = "Classes/UIView+AKAThemeProvider.m"; sourceTree = "<group>"; };
		8E4F38681AC2CA0400EB1322 /* AKAThemeTests.m */ = {isa = PBXFileReference; fileEncoding = 4; lastKnownFileType = sourcecode.c.objc; path = AKAThemeTests.m; sourceTree = "<group>"; };
		8E6C525E1AD87B850011525A /* AKAKeyboardActivationSequenceAccessoryView.h */ = {isa = PBXFileReference; fileEncoding = 4; lastKnownFileType = sourcecode.c.h; name = AKAKeyboardActivationSequenceAccessoryView.h; path = Classes/AKAKeyboardActivationSequenceAccessoryView.h; sourceTree = "<group>"; };
		8E6C525F1AD87B850011525A /* AKAKeyboardActivationSequenceAccessoryView.m */ = {isa = PBXFileReference; fileEncoding = 4; lastKnownFileType = sourcecode.c.objc; name = AKAKeyboardActivationSequenceAccessoryView.m; path = Classes/AKAKeyboardActivationSequenceAccessoryView.m; sourceTree = "<group>"; };
		8E796F661AB8522F0014EC1E /* AKAControls.h */ = {isa = PBXFileReference; fileEncoding = 4; lastKnownFileType = sourcecode.c.h; path = AKAControls.h; sourceTree = "<group>"; };
		8E8114071ACAF282004F5665 /* UIView+AKABinding.h */ = {isa = PBXFileReference; fileEncoding = 4; lastKnownFileType = sourcecode.c.h; name = "UIView+AKABinding.h"; path = "Classes/UIView+AKABinding.h"; sourceTree = "<group>"; };
		8E8114081ACAF282004F5665 /* UIView+AKABinding.m */ = {isa = PBXFileReference; fileEncoding = 4; lastKnownFileType = sourcecode.c.objc; name = "UIView+AKABinding.m"; path = "Classes/UIView+AKABinding.m"; sourceTree = "<group>"; };
		8EBA32DA1AB9D861007436AA /* AKATextFieldBinding.h */ = {isa = PBXFileReference; fileEncoding = 4; lastKnownFileType = sourcecode.c.h; name = AKATextFieldBinding.h; path = Classes/AKATextFieldBinding.h; sourceTree = "<group>"; };
		8EBA32DB1AB9D861007436AA /* AKATextFieldBinding.m */ = {isa = PBXFileReference; fileEncoding = 4; lastKnownFileType = sourcecode.c.objc; name = AKATextFieldBinding.m; path = Classes/AKATextFieldBinding.m; sourceTree = "<group>"; };
		8EBA32E31ABAE288007436AA /* Pods.debug.xcconfig */ = {isa = PBXFileReference; fileEncoding = 4; lastKnownFileType = text.xcconfig; name = Pods.debug.xcconfig; path = "Pods/Target Support Files/Pods/Pods.debug.xcconfig"; sourceTree = "<group>"; };
		8EBA32E41ABAE288007436AA /* Pods.release.xcconfig */ = {isa = PBXFileReference; fileEncoding = 4; lastKnownFileType = text.xcconfig; name = Pods.release.xcconfig; path = "Pods/Target Support Files/Pods/Pods.release.xcconfig"; sourceTree = "<group>"; };
		8EBA33A01ABB69F9007436AA /* AKACompositeControl_Internal.h */ = {isa = PBXFileReference; fileEncoding = 4; lastKnownFileType = sourcecode.c.h; name = AKACompositeControl_Internal.h; path = Classes/AKACompositeControl_Internal.h; sourceTree = "<group>"; };
		8EBA33A21ABBFD62007436AA /* AKATextEditorControlView.h */ = {isa = PBXFileReference; fileEncoding = 4; lastKnownFileType = sourcecode.c.h; name = AKATextEditorControlView.h; path = Classes/AKATextEditorControlView.h; sourceTree = "<group>"; };
		8EBA33A31ABBFD62007436AA /* AKATextEditorControlView.m */ = {isa = PBXFileReference; fileEncoding = 4; lastKnownFileType = sourcecode.c.objc; name = AKATextEditorControlView.m; path = Classes/AKATextEditorControlView.m; sourceTree = "<group>"; };
		8EBA33AA1ABC177F007436AA /* AKAEditorControlView_Protected.h */ = {isa = PBXFileReference; fileEncoding = 4; lastKnownFileType = sourcecode.c.h; name = AKAEditorControlView_Protected.h; path = Classes/AKAEditorControlView_Protected.h; sourceTree = "<group>"; };
		8EBD90801ACB00EA0029A5A2 /* AKALabelBinding.h */ = {isa = PBXFileReference; fileEncoding = 4; lastKnownFileType = sourcecode.c.h; name = AKALabelBinding.h; path = Classes/AKALabelBinding.h; sourceTree = "<group>"; };
		8EBD90811ACB00EA0029A5A2 /* AKALabelBinding.m */ = {isa = PBXFileReference; fileEncoding = 4; lastKnownFileType = sourcecode.c.objc; name = AKALabelBinding.m; path = Classes/AKALabelBinding.m; sourceTree = "<group>"; };
		8EBD90841ACB15220029A5A2 /* AKASwitchBinding.h */ = {isa = PBXFileReference; fileEncoding = 4; lastKnownFileType = sourcecode.c.h; name = AKASwitchBinding.h; path = Classes/AKASwitchBinding.h; sourceTree = "<group>"; };
		8EBD90851ACB15220029A5A2 /* AKASwitchBinding.m */ = {isa = PBXFileReference; fileEncoding = 4; lastKnownFileType = sourcecode.c.objc; name = AKASwitchBinding.m; path = Classes/AKASwitchBinding.m; sourceTree = "<group>"; };
		8EECDAA21AC59664001A6826 /* AKASubviewsSpecification.h */ = {isa = PBXFileReference; fileEncoding = 4; lastKnownFileType = sourcecode.c.h; name = AKASubviewsSpecification.h; path = Classes/AKASubviewsSpecification.h; sourceTree = "<group>"; };
		8EECDAA31AC59664001A6826 /* AKASubviewsSpecification.m */ = {isa = PBXFileReference; fileEncoding = 4; lastKnownFileType = sourcecode.c.objc; name = AKASubviewsSpecification.m; path = Classes/AKASubviewsSpecification.m; sourceTree = "<group>"; };
		8EECDAB21AC7A00D001A6826 /* AKAThemableContainerView_Protected.h */ = {isa = PBXFileReference; fileEncoding = 4; lastKnownFileType = sourcecode.c.h; name = AKAThemableContainerView_Protected.h; path = Classes/AKAThemableContainerView_Protected.h; sourceTree = "<group>"; };
		8EECDAB81AC97B80001A6826 /* Podfile */ = {isa = PBXFileReference; fileEncoding = 4; lastKnownFileType = text; path = Podfile; sourceTree = SOURCE_ROOT; };
		8EECDABA1AC97B91001A6826 /* AKAControls.podspec */ = {isa = PBXFileReference; fileEncoding = 4; lastKnownFileType = text; name = AKAControls.podspec; path = ../../AKAControls.podspec; sourceTree = "<group>"; };
		8EECDABE1AC9CC22001A6826 /* AKAPasswordEditorControlView.h */ = {isa = PBXFileReference; fileEncoding = 4; lastKnownFileType = sourcecode.c.h; name = AKAPasswordEditorControlView.h; path = Classes/AKAPasswordEditorControlView.h; sourceTree = "<group>"; };
		8EECDABF1AC9CC22001A6826 /* AKAPasswordEditorControlView.m */ = {isa = PBXFileReference; fileEncoding = 4; lastKnownFileType = sourcecode.c.objc; name = AKAPasswordEditorControlView.m; path = Classes/AKAPasswordEditorControlView.m; sourceTree = "<group>"; };
		8EECDAC21AC9CDA7001A6826 /* AKASwitchEditorControlView.h */ = {isa = PBXFileReference; fileEncoding = 4; lastKnownFileType = sourcecode.c.h; name = AKASwitchEditorControlView.h; path = Classes/AKASwitchEditorControlView.h; sourceTree = "<group>"; };
		8EECDAC31AC9CDA7001A6826 /* AKASwitchEditorControlView.m */ = {isa = PBXFileReference; fileEncoding = 4; lastKnownFileType = sourcecode.c.objc; name = AKASwitchEditorControlView.m; path = Classes/AKASwitchEditorControlView.m; sourceTree = "<group>"; };
		8EF07D6D1AD7429B00E8CCB6 /* AKAControlsStyleKit.h */ = {isa = PBXFileReference; fileEncoding = 4; lastKnownFileType = sourcecode.c.h; name = AKAControlsStyleKit.h; path = Classes/AKAControlsStyleKit.h; sourceTree = "<group>"; };
		8EF07D6E1AD7429B00E8CCB6 /* AKAControlsStyleKit.m */ = {isa = PBXFileReference; fileEncoding = 4; lastKnownFileType = sourcecode.c.objc; name = AKAControlsStyleKit.m; path = Classes/AKAControlsStyleKit.m; sourceTree = "<group>"; };
		8EF07D711AD7CEB600E8CCB6 /* AKAKeyboardActivationSequence.h */ = {isa = PBXFileReference; fileEncoding = 4; lastKnownFileType = sourcecode.c.h; name = AKAKeyboardActivationSequence.h; path = Classes/AKAKeyboardActivationSequence.h; sourceTree = "<group>"; };
		8EF07D721AD7CEB600E8CCB6 /* AKAKeyboardActivationSequence.m */ = {isa = PBXFileReference; fileEncoding = 4; lastKnownFileType = sourcecode.c.objc; name = AKAKeyboardActivationSequence.m; path = Classes/AKAKeyboardActivationSequence.m; sourceTree = "<group>"; };
		8EF07D751AD83AD500E8CCB6 /* AKAFormControl.h */ = {isa = PBXFileReference; fileEncoding = 4; lastKnownFileType = sourcecode.c.h; name = AKAFormControl.h; path = Classes/AKAFormControl.h; sourceTree = "<group>"; };
		8EF07D761AD83AD500E8CCB6 /* AKAFormControl.m */ = {isa = PBXFileReference; fileEncoding = 4; lastKnownFileType = sourcecode.c.objc; name = AKAFormControl.m; path = Classes/AKAFormControl.m; sourceTree = "<group>"; };
		8EF251971AB849E8005CDE34 /* AKAControls.framework */ = {isa = PBXFileReference; explicitFileType = wrapper.framework; includeInIndex = 0; path = AKAControls.framework; sourceTree = BUILT_PRODUCTS_DIR; };
		8EF2519B1AB849E8005CDE34 /* Info.plist */ = {isa = PBXFileReference; lastKnownFileType = text.plist.xml; path = Info.plist; sourceTree = "<group>"; };
		8EF251A21AB849E8005CDE34 /* AKAControlsTests.xctest */ = {isa = PBXFileReference; explicitFileType = wrapper.cfbundle; includeInIndex = 0; path = AKAControlsTests.xctest; sourceTree = BUILT_PRODUCTS_DIR; };
		8EF251A81AB849E8005CDE34 /* Info.plist */ = {isa = PBXFileReference; lastKnownFileType = text.plist.xml; path = Info.plist; sourceTree = "<group>"; };
		8EF251A91AB849E8005CDE34 /* AKAControlsTests.m */ = {isa = PBXFileReference; lastKnownFileType = sourcecode.c.objc; path = AKAControlsTests.m; sourceTree = "<group>"; };
		8EF251B31AB84AF2005CDE34 /* AKAEditorControlView.m */ = {isa = PBXFileReference; fileEncoding = 4; lastKnownFileType = sourcecode.c.objc; name = AKAEditorControlView.m; path = Classes/AKAEditorControlView.m; sourceTree = "<group>"; };
		8EF251B41AB84AF2005CDE34 /* AKAEditorControlView.h */ = {isa = PBXFileReference; fileEncoding = 4; lastKnownFileType = sourcecode.c.h; name = AKAEditorControlView.h; path = Classes/AKAEditorControlView.h; sourceTree = "<group>"; };
		8EF251B51AB84AF2005CDE34 /* AKASwitch.h */ = {isa = PBXFileReference; fileEncoding = 4; lastKnownFileType = sourcecode.c.h; name = AKASwitch.h; path = Classes/AKASwitch.h; sourceTree = "<group>"; };
		8EF251B61AB84AF2005CDE34 /* AKALabel.h */ = {isa = PBXFileReference; fileEncoding = 4; lastKnownFileType = sourcecode.c.h; name = AKALabel.h; path = Classes/AKALabel.h; sourceTree = "<group>"; };
		8EF251B71AB84AF2005CDE34 /* AKATextField.h */ = {isa = PBXFileReference; fileEncoding = 4; lastKnownFileType = sourcecode.c.h; name = AKATextField.h; path = Classes/AKATextField.h; sourceTree = "<group>"; };
		8EF251BA1AB84AF2005CDE34 /* AKAControlViewProtocol.h */ = {isa = PBXFileReference; fileEncoding = 4; lastKnownFileType = sourcecode.c.h; name = AKAControlViewProtocol.h; path = Classes/AKAControlViewProtocol.h; sourceTree = "<group>"; };
		8EF251BB1AB84AF2005CDE34 /* AKATextField.m */ = {isa = PBXFileReference; fileEncoding = 4; lastKnownFileType = sourcecode.c.objc; name = AKATextField.m; path = Classes/AKATextField.m; sourceTree = "<group>"; };
		8EF251BC1AB84AF2005CDE34 /* AKASwitch.m */ = {isa = PBXFileReference; fileEncoding = 4; lastKnownFileType = sourcecode.c.objc; name = AKASwitch.m; path = Classes/AKASwitch.m; sourceTree = "<group>"; };
		8EF251BD1AB84AF2005CDE34 /* AKACompositeControl.m */ = {isa = PBXFileReference; fileEncoding = 4; lastKnownFileType = sourcecode.c.objc; name = AKACompositeControl.m; path = Classes/AKACompositeControl.m; sourceTree = "<group>"; };
		8EF251BE1AB84AF2005CDE34 /* AKALabel.m */ = {isa = PBXFileReference; fileEncoding = 4; lastKnownFileType = sourcecode.c.objc; name = AKALabel.m; path = Classes/AKALabel.m; sourceTree = "<group>"; };
		8EF251C01AB84AF2005CDE34 /* AKAControl.m */ = {isa = PBXFileReference; fileEncoding = 4; lastKnownFileType = sourcecode.c.objc; name = AKAControl.m; path = Classes/AKAControl.m; sourceTree = "<group>"; };
		8EF251C11AB84AF2005CDE34 /* AKACompositeControl.h */ = {isa = PBXFileReference; fileEncoding = 4; lastKnownFileType = sourcecode.c.h; name = AKACompositeControl.h; path = Classes/AKACompositeControl.h; sourceTree = "<group>"; };
		8EF251C21AB84AF2005CDE34 /* AKAControl_Internal.h */ = {isa = PBXFileReference; fileEncoding = 4; lastKnownFileType = sourcecode.c.h; name = AKAControl_Internal.h; path = Classes/AKAControl_Internal.h; sourceTree = "<group>"; };
		8EF251C31AB84AF2005CDE34 /* AKAControl_Protected.h */ = {isa = PBXFileReference; fileEncoding = 4; lastKnownFileType = sourcecode.c.h; name = AKAControl_Protected.h; path = Classes/AKAControl_Protected.h; sourceTree = "<group>"; };
		8EF251C41AB84AF2005CDE34 /* AKAControl.h */ = {isa = PBXFileReference; fileEncoding = 4; lastKnownFileType = sourcecode.c.h; name = AKAControl.h; path = Classes/AKAControl.h; sourceTree = "<group>"; };
		8EF251C91AB84AF2005CDE34 /* AKAControlsErrors.h */ = {isa = PBXFileReference; fileEncoding = 4; lastKnownFileType = sourcecode.c.h; name = AKAControlsErrors.h; path = Classes/AKAControlsErrors.h; sourceTree = "<group>"; };
		8EF251CA1AB84AF2005CDE34 /* AKAControlsErrors.m */ = {isa = PBXFileReference; fileEncoding = 4; lastKnownFileType = sourcecode.c.objc; name = AKAControlsErrors.m; path = Classes/AKAControlsErrors.m; sourceTree = "<group>"; };
		8EF251CB1AB84AF2005CDE34 /* AKAControlValidatorProtocol.h */ = {isa = PBXFileReference; fileEncoding = 4; lastKnownFileType = sourcecode.c.h; name = AKAControlValidatorProtocol.h; path = Classes/AKAControlValidatorProtocol.h; sourceTree = "<group>"; };
		8EF251CC1AB84AF2005CDE34 /* AKAControlConverterProtocol.h */ = {isa = PBXFileReference; fileEncoding = 4; lastKnownFileType = sourcecode.c.h; name = AKAControlConverterProtocol.h; path = Classes/AKAControlConverterProtocol.h; sourceTree = "<group>"; };
		8EFDA2701AC41D2E004B8FBE /* AKATheme.h */ = {isa = PBXFileReference; fileEncoding = 4; lastKnownFileType = sourcecode.c.h; name = AKATheme.h; path = Classes/AKATheme.h; sourceTree = "<group>"; };
		8EFDA2711AC41D2E004B8FBE /* AKALayoutConstraintSpecification.h */ = {isa = PBXFileReference; fileEncoding = 4; lastKnownFileType = sourcecode.c.h; name = AKALayoutConstraintSpecification.h; path = Classes/AKALayoutConstraintSpecification.h; sourceTree = "<group>"; };
		8EFDA2721AC41D2E004B8FBE /* AKALayoutConstraintSpecification.m */ = {isa = PBXFileReference; fileEncoding = 4; lastKnownFileType = sourcecode.c.objc; name = AKALayoutConstraintSpecification.m; path = Classes/AKALayoutConstraintSpecification.m; sourceTree = "<group>"; };
		8EFDA2731AC41D2E004B8FBE /* AKAThemeLayout.m */ = {isa = PBXFileReference; fileEncoding = 4; lastKnownFileType = sourcecode.c.objc; name = AKAThemeLayout.m; path = Classes/AKAThemeLayout.m; sourceTree = "<group>"; };
		8EFDA2741AC41D2E004B8FBE /* AKAThemeLayout.h */ = {isa = PBXFileReference; fileEncoding = 4; lastKnownFileType = sourcecode.c.h; name = AKAThemeLayout.h; path = Classes/AKAThemeLayout.h; sourceTree = "<group>"; };
		8EFDA2751AC41D2E004B8FBE /* AKATheme.m */ = {isa = PBXFileReference; fileEncoding = 4; lastKnownFileType = sourcecode.c.objc; name = AKATheme.m; path = Classes/AKATheme.m; sourceTree = "<group>"; };
		8EFDA2761AC41D2E004B8FBE /* AKAThemeViewApplicability.h */ = {isa = PBXFileReference; fileEncoding = 4; lastKnownFileType = sourcecode.c.h; name = AKAThemeViewApplicability.h; path = Classes/AKAThemeViewApplicability.h; sourceTree = "<group>"; };
		8EFDA2771AC41D2E004B8FBE /* AKAViewCustomization.h */ = {isa = PBXFileReference; fileEncoding = 4; lastKnownFileType = sourcecode.c.h; name = AKAViewCustomization.h; path = Classes/AKAViewCustomization.h; sourceTree = "<group>"; };
		8EFDA2781AC41D2E004B8FBE /* AKAViewCustomization.m */ = {isa = PBXFileReference; fileEncoding = 4; lastKnownFileType = sourcecode.c.objc; name = AKAViewCustomization.m; path = Classes/AKAViewCustomization.m; sourceTree = "<group>"; };
		8EFDA2791AC41D2E004B8FBE /* AKAThemeViewApplicability.m */ = {isa = PBXFileReference; fileEncoding = 4; lastKnownFileType = sourcecode.c.objc; name = AKAThemeViewApplicability.m; path = Classes/AKAThemeViewApplicability.m; sourceTree = "<group>"; };
		8EFDA2841AC4CE98004B8FBE /* AKAThemableContainerView.h */ = {isa = PBXFileReference; fileEncoding = 4; lastKnownFileType = sourcecode.c.h; name = AKAThemableContainerView.h; path = Classes/AKAThemableContainerView.h; sourceTree = "<group>"; };
		8EFDA2851AC4CE98004B8FBE /* AKAThemableContainerView.m */ = {isa = PBXFileReference; fileEncoding = 4; lastKnownFileType = sourcecode.c.objc; name = AKAThemableContainerView.m; path = Classes/AKAThemableContainerView.m; sourceTree = "<group>"; };
		8EFEC11E1ACFDF8F0005AE63 /* AKAControlsErrors_Internal.h */ = {isa = PBXFileReference; fileEncoding = 4; lastKnownFileType = sourcecode.c.h; name = AKAControlsErrors_Internal.h; path = Classes/AKAControlsErrors_Internal.h; sourceTree = "<group>"; };
		8EFEC1201AD0AA2D0005AE63 /* AKAControlDelegate.h */ = {isa = PBXFileReference; fileEncoding = 4; lastKnownFileType = sourcecode.c.h; name = AKAControlDelegate.h; path = Classes/AKAControlDelegate.h; sourceTree = "<group>"; };
		8EFEC1221AD119690005AE63 /* AppledocSettings.plist */ = {isa = PBXFileReference; fileEncoding = 4; lastKnownFileType = text.plist.xml; path = AppledocSettings.plist; sourceTree = "<group>"; };
/* End PBXFileReference section */

/* Begin PBXFrameworksBuildPhase section */
		8EF251931AB849E8005CDE34 /* Frameworks */ = {
			isa = PBXFrameworksBuildPhase;
			buildActionMask = 2147483647;
			files = (
				8ED26B484B3466807EC06B6D /* Pods.framework in Frameworks */,
			);
			runOnlyForDeploymentPostprocessing = 0;
		};
		8EF2519F1AB849E8005CDE34 /* Frameworks */ = {
			isa = PBXFrameworksBuildPhase;
			buildActionMask = 2147483647;
			files = (
				8EF251A31AB849E8005CDE34 /* AKAControls.framework in Frameworks */,
			);
			runOnlyForDeploymentPostprocessing = 0;
		};
/* End PBXFrameworksBuildPhase section */

/* Begin PBXGroup section */
		1CB9E1CD9306124395F24F09 /* Pods */ = {
			isa = PBXGroup;
			children = (
				8EBA32E31ABAE288007436AA /* Pods.debug.xcconfig */,
				8EBA32E41ABAE288007436AA /* Pods.release.xcconfig */,
			);
			name = Pods;
			sourceTree = "<group>";
		};
		8E4F385C1AC1D67900EB1322 /* Themes */ = {
			isa = PBXGroup;
			children = (
				8EFDA2711AC41D2E004B8FBE /* AKALayoutConstraintSpecification.h */,
				8EFDA2721AC41D2E004B8FBE /* AKALayoutConstraintSpecification.m */,
				8EECDAA21AC59664001A6826 /* AKASubviewsSpecification.h */,
				8EECDAA31AC59664001A6826 /* AKASubviewsSpecification.m */,
				8EECDAB21AC7A00D001A6826 /* AKAThemableContainerView_Protected.h */,
				8EFDA2841AC4CE98004B8FBE /* AKAThemableContainerView.h */,
				8EFDA2851AC4CE98004B8FBE /* AKAThemableContainerView.m */,
				8EFDA2701AC41D2E004B8FBE /* AKATheme.h */,
				8EFDA2751AC41D2E004B8FBE /* AKATheme.m */,
				8EFDA2741AC41D2E004B8FBE /* AKAThemeLayout.h */,
				8EFDA2731AC41D2E004B8FBE /* AKAThemeLayout.m */,
				8E4F385D1AC1D6BD00EB1322 /* AKAThemeProviderProtocol.h */,
				8EFDA2761AC41D2E004B8FBE /* AKAThemeViewApplicability.h */,
				8EFDA2791AC41D2E004B8FBE /* AKAThemeViewApplicability.m */,
				8EFDA2771AC41D2E004B8FBE /* AKAViewCustomization.h */,
				8EFDA2781AC41D2E004B8FBE /* AKAViewCustomization.m */,
				8E4F385F1AC1D7FB00EB1322 /* UIView+AKAThemeProvider.h */,
				8E4F38601AC1D7FB00EB1322 /* UIView+AKAThemeProvider.m */,
			);
			name = Themes;
			sourceTree = "<group>";
		};
		8E4F38671AC2C93600EB1322 /* Themes */ = {
			isa = PBXGroup;
			children = (
				8E4F38681AC2CA0400EB1322 /* AKAThemeTests.m */,
			);
			name = Themes;
			sourceTree = "<group>";
		};
		8E796F651AB8521D0014EC1E /* Classes */ = {
			isa = PBXGroup;
			children = (
				8EF251C91AB84AF2005CDE34 /* AKAControlsErrors.h */,
				8EFEC11E1ACFDF8F0005AE63 /* AKAControlsErrors_Internal.h */,
				8EF251CA1AB84AF2005CDE34 /* AKAControlsErrors.m */,
				8EF251C41AB84AF2005CDE34 /* AKAControl.h */,
				8EF251C31AB84AF2005CDE34 /* AKAControl_Protected.h */,
				8EF251C21AB84AF2005CDE34 /* AKAControl_Internal.h */,
				8EFEC1201AD0AA2D0005AE63 /* AKAControlDelegate.h */,
				8EF251C01AB84AF2005CDE34 /* AKAControl.m */,
				8EF251C11AB84AF2005CDE34 /* AKACompositeControl.h */,
				8EBA33A01ABB69F9007436AA /* AKACompositeControl_Internal.h */,
				8EF251BD1AB84AF2005CDE34 /* AKACompositeControl.m */,
				8EF07D751AD83AD500E8CCB6 /* AKAFormControl.h */,
				8EF07D761AD83AD500E8CCB6 /* AKAFormControl.m */,
				8EF251BA1AB84AF2005CDE34 /* AKAControlViewProtocol.h */,
				8E485E531AD1FD710078417E /* AKAViewBinding.h */,
				8E485E551AD26BC90078417E /* AKAViewBinding.m */,
				8E485E4F1AD1F0940078417E /* AKAViewBindingConfiguration.h */,
				8E485E501AD1F0940078417E /* AKAViewBindingConfiguration.m */,
				8E485E571AD2D0900078417E /* AKACompositeViewBindingConfiguration.h */,
				8E485E581AD2D0900078417E /* AKACompositeViewBindingConfiguration.m */,
				8E8114071ACAF282004F5665 /* UIView+AKABinding.h */,
				8E8114081ACAF282004F5665 /* UIView+AKABinding.m */,
				8EF251CC1AB84AF2005CDE34 /* AKAControlConverterProtocol.h */,
				8EF251CB1AB84AF2005CDE34 /* AKAControlValidatorProtocol.h */,
				8EF07D711AD7CEB600E8CCB6 /* AKAKeyboardActivationSequence.h */,
				8EF07D721AD7CEB600E8CCB6 /* AKAKeyboardActivationSequence.m */,
				8E6C525E1AD87B850011525A /* AKAKeyboardActivationSequenceAccessoryView.h */,
				8E6C525F1AD87B850011525A /* AKAKeyboardActivationSequenceAccessoryView.m */,
				8E796F6B1AB852E00014EC1E /* ScalarControlViews */,
				8E796F6C1AB853020014EC1E /* CompositeControlViews */,
				8E796F691AB852710014EC1E /* ControlViewBindings */,
				8E4F385C1AC1D67900EB1322 /* Themes */,
			);
			name = Classes;
			sourceTree = "<group>";
		};
		8E796F691AB852710014EC1E /* ControlViewBindings */ = {
			isa = PBXGroup;
			children = (
			);
			name = ControlViewBindings;
			sourceTree = "<group>";
		};
		8E796F6B1AB852E00014EC1E /* ScalarControlViews */ = {
			isa = PBXGroup;
			children = (
				8EF251B61AB84AF2005CDE34 /* AKALabel.h */,
				8EF251BE1AB84AF2005CDE34 /* AKALabel.m */,
				8EBD90801ACB00EA0029A5A2 /* AKALabelBinding.h */,
				8EBD90811ACB00EA0029A5A2 /* AKALabelBinding.m */,
				8EF251B51AB84AF2005CDE34 /* AKASwitch.h */,
				8EF251BC1AB84AF2005CDE34 /* AKASwitch.m */,
				8EBD90841ACB15220029A5A2 /* AKASwitchBinding.h */,
				8EBD90851ACB15220029A5A2 /* AKASwitchBinding.m */,
				8EF251B71AB84AF2005CDE34 /* AKATextField.h */,
				8E4621DB1AD6B9BD00414675 /* AKATextField_Protected.h */,
				8EF251BB1AB84AF2005CDE34 /* AKATextField.m */,
				8EBA32DA1AB9D861007436AA /* AKATextFieldBinding.h */,
				8EBA32DB1AB9D861007436AA /* AKATextFieldBinding.m */,
				8E4621D71AD6B4F500414675 /* AKANumberTextField.h */,
				8E4621D81AD6B4F500414675 /* AKANumberTextField.m */,
			);
			name = ScalarControlViews;
			sourceTree = "<group>";
		};
		8E796F6C1AB853020014EC1E /* CompositeControlViews */ = {
			isa = PBXGroup;
			children = (
				8EF251B41AB84AF2005CDE34 /* AKAEditorControlView.h */,
				8EBA33AA1ABC177F007436AA /* AKAEditorControlView_Protected.h */,
				8EF251B31AB84AF2005CDE34 /* AKAEditorControlView.m */,
				8EBA33A21ABBFD62007436AA /* AKATextEditorControlView.h */,
				8EBA33A31ABBFD62007436AA /* AKATextEditorControlView.m */,
				8EECDABE1AC9CC22001A6826 /* AKAPasswordEditorControlView.h */,
				8EECDABF1AC9CC22001A6826 /* AKAPasswordEditorControlView.m */,
				8EECDAC21AC9CDA7001A6826 /* AKASwitchEditorControlView.h */,
				8EECDAC31AC9CDA7001A6826 /* AKASwitchEditorControlView.m */,
			);
			name = CompositeControlViews;
			sourceTree = "<group>";
		};
		8EF2518D1AB849E8005CDE34 = {
			isa = PBXGroup;
			children = (
				8EF251991AB849E8005CDE34 /* AKAControls */,
				8EF251A61AB849E8005CDE34 /* AKAControlsTests */,
				8EF251981AB849E8005CDE34 /* Products */,
				1CB9E1CD9306124395F24F09 /* Pods */,
				C2898E11C7B26A94979876B4 /* Frameworks */,
			);
			sourceTree = "<group>";
		};
		8EF251981AB849E8005CDE34 /* Products */ = {
			isa = PBXGroup;
			children = (
				8EF251971AB849E8005CDE34 /* AKAControls.framework */,
				8EF251A21AB849E8005CDE34 /* AKAControlsTests.xctest */,
			);
			name = Products;
			sourceTree = "<group>";
		};
		8EF251991AB849E8005CDE34 /* AKAControls */ = {
			isa = PBXGroup;
			children = (
				8E796F661AB8522F0014EC1E /* AKAControls.h */,
				8EF07D6D1AD7429B00E8CCB6 /* AKAControlsStyleKit.h */,
				8EF07D6E1AD7429B00E8CCB6 /* AKAControlsStyleKit.m */,
				8E796F651AB8521D0014EC1E /* Classes */,
				8EF2519A1AB849E8005CDE34 /* Supporting Files */,
			);
			path = AKAControls;
			sourceTree = "<group>";
		};
		8EF2519A1AB849E8005CDE34 /* Supporting Files */ = {
			isa = PBXGroup;
			children = (
				8EECDABA1AC97B91001A6826 /* AKAControls.podspec */,
				8EECDAB81AC97B80001A6826 /* Podfile */,
				8EF2519B1AB849E8005CDE34 /* Info.plist */,
				8EFEC1221AD119690005AE63 /* AppledocSettings.plist */,
			);
			name = "Supporting Files";
			sourceTree = "<group>";
		};
		8EF251A61AB849E8005CDE34 /* AKAControlsTests */ = {
			isa = PBXGroup;
			children = (
				8E4F38671AC2C93600EB1322 /* Themes */,
				8EF251A91AB849E8005CDE34 /* AKAControlsTests.m */,
				8EF251A71AB849E8005CDE34 /* Supporting Files */,
			);
			path = AKAControlsTests;
			sourceTree = "<group>";
		};
		8EF251A71AB849E8005CDE34 /* Supporting Files */ = {
			isa = PBXGroup;
			children = (
				8EF251A81AB849E8005CDE34 /* Info.plist */,
			);
			name = "Supporting Files";
			sourceTree = "<group>";
		};
		C2898E11C7B26A94979876B4 /* Frameworks */ = {
			isa = PBXGroup;
			children = (
				22A2F4FCC071579F7AEF99BE /* Pods.framework */,
			);
			name = Frameworks;
			sourceTree = "<group>";
		};
/* End PBXGroup section */

/* Begin PBXHeadersBuildPhase section */
		8EF251941AB849E8005CDE34 /* Headers */ = {
			isa = PBXHeadersBuildPhase;
			buildActionMask = 2147483647;
			files = (
				8E796F671AB8522F0014EC1E /* AKAControls.h in Headers */,
				8EF251E31AB84AF2005CDE34 /* AKAControlsErrors.h in Headers */,
				8EF251DE1AB84AF2005CDE34 /* AKAControl.h in Headers */,
				8EF251DD1AB84AF2005CDE34 /* AKAControl_Protected.h in Headers */,
				8EFEC1211AD0AA2D0005AE63 /* AKAControlDelegate.h in Headers */,
				8EF251DB1AB84AF2005CDE34 /* AKACompositeControl.h in Headers */,
				8EF251D41AB84AF2005CDE34 /* AKAControlViewProtocol.h in Headers */,
				8E485E541AD1FD710078417E /* AKAViewBinding.h in Headers */,
				8E485E511AD1F0940078417E /* AKAViewBindingConfiguration.h in Headers */,
				8E8114091ACAF282004F5665 /* UIView+AKABinding.h in Headers */,
				8EFEC11F1ACFDF8F0005AE63 /* AKAControlsErrors_Internal.h in Headers */,
				8EF251E51AB84AF2005CDE34 /* AKAControlValidatorProtocol.h in Headers */,
				8EF251E61AB84AF2005CDE34 /* AKAControlConverterProtocol.h in Headers */,
				8EF07D6F1AD7429B00E8CCB6 /* AKAControlsStyleKit.h in Headers */,
				8EF251D01AB84AF2005CDE34 /* AKALabel.h in Headers */,
				8EBD90821ACB00EA0029A5A2 /* AKALabelBinding.h in Headers */,
				8EF07D771AD83AD500E8CCB6 /* AKAFormControl.h in Headers */,
				8EF251D11AB84AF2005CDE34 /* AKATextField.h in Headers */,
				8EF07D731AD7CEB600E8CCB6 /* AKAKeyboardActivationSequence.h in Headers */,
				8EBA32DC1AB9D861007436AA /* AKATextFieldBinding.h in Headers */,
				8EF251CF1AB84AF2005CDE34 /* AKASwitch.h in Headers */,
				8EBD90861ACB15220029A5A2 /* AKASwitchBinding.h in Headers */,
				8EF251CE1AB84AF2005CDE34 /* AKAEditorControlView.h in Headers */,
				8EBA33AB1ABC177F007436AA /* AKAEditorControlView_Protected.h in Headers */,
				8EBA33A41ABBFD62007436AA /* AKATextEditorControlView.h in Headers */,
				8EECDAC01AC9CC22001A6826 /* AKAPasswordEditorControlView.h in Headers */,
				8E4621D91AD6B4F500414675 /* AKANumberTextField.h in Headers */,
				8EECDAC41AC9CDA7001A6826 /* AKASwitchEditorControlView.h in Headers */,
				8E4F385E1AC1D6BD00EB1322 /* AKAThemeProviderProtocol.h in Headers */,
				8E4F38611AC1D7FB00EB1322 /* UIView+AKAThemeProvider.h in Headers */,
				8EFDA27A1AC41D2E004B8FBE /* AKATheme.h in Headers */,
				8EFDA27E1AC41D2E004B8FBE /* AKAThemeLayout.h in Headers */,
				8E485E591AD2D0900078417E /* AKACompositeViewBindingConfiguration.h in Headers */,
				8EFDA2811AC41D2E004B8FBE /* AKAViewCustomization.h in Headers */,
				8EFDA2801AC41D2E004B8FBE /* AKAThemeViewApplicability.h in Headers */,
				8E6C52601AD87B850011525A /* AKAKeyboardActivationSequenceAccessoryView.h in Headers */,
				8EECDAA41AC59664001A6826 /* AKASubviewsSpecification.h in Headers */,
				8EFDA27B1AC41D2E004B8FBE /* AKALayoutConstraintSpecification.h in Headers */,
				8E4621DC1AD6B9BD00414675 /* AKATextField_Protected.h in Headers */,
				8EECDAB31AC7A00D001A6826 /* AKAThemableContainerView_Protected.h in Headers */,
				8EFDA2861AC4CE98004B8FBE /* AKAThemableContainerView.h in Headers */,
				8EF251DC1AB84AF2005CDE34 /* AKAControl_Internal.h in Headers */,
				8EBA33A11ABB69F9007436AA /* AKACompositeControl_Internal.h in Headers */,
			);
			runOnlyForDeploymentPostprocessing = 0;
		};
/* End PBXHeadersBuildPhase section */

/* Begin PBXNativeTarget section */
		8EF251961AB849E8005CDE34 /* AKAControls */ = {
			isa = PBXNativeTarget;
			buildConfigurationList = 8EF251AD1AB849E8005CDE34 /* Build configuration list for PBXNativeTarget "AKAControls" */;
			buildPhases = (
				32BFE21E164E38062E33A056 /* Check Pods Manifest.lock */,
				8EF251921AB849E8005CDE34 /* Sources */,
				8EF251931AB849E8005CDE34 /* Frameworks */,
				8EF251941AB849E8005CDE34 /* Headers */,
				8EF251951AB849E8005CDE34 /* Resources */,
				AF049C7E471D0C2F8922E24B /* Copy Pods Resources */,
				FADFE2E0DF08AD3C2F7E92FE /* Embed Pods Frameworks */,
				8E0D63BA1ACEF82B00F4C25B /* Generate Documentation (appledoc) */,
			);
			buildRules = (
			);
			dependencies = (
			);
			name = AKAControls;
			productName = AKAControls;
			productReference = 8EF251971AB849E8005CDE34 /* AKAControls.framework */;
			productType = "com.apple.product-type.framework";
		};
		8EF251A11AB849E8005CDE34 /* AKAControlsTests */ = {
			isa = PBXNativeTarget;
			buildConfigurationList = 8EF251B01AB849E8005CDE34 /* Build configuration list for PBXNativeTarget "AKAControlsTests" */;
			buildPhases = (
				8EF2519E1AB849E8005CDE34 /* Sources */,
				8EF2519F1AB849E8005CDE34 /* Frameworks */,
				8EF251A01AB849E8005CDE34 /* Resources */,
			);
			buildRules = (
			);
			dependencies = (
				8EF251A51AB849E8005CDE34 /* PBXTargetDependency */,
			);
			name = AKAControlsTests;
			productName = AKAControlsTests;
			productReference = 8EF251A21AB849E8005CDE34 /* AKAControlsTests.xctest */;
			productType = "com.apple.product-type.bundle.unit-test";
		};
/* End PBXNativeTarget section */

/* Begin PBXProject section */
		8EF2518E1AB849E8005CDE34 /* Project object */ = {
			isa = PBXProject;
			attributes = {
				LastUpgradeCheck = 0620;
				ORGANIZATIONNAME = "AKA Sarl";
				TargetAttributes = {
					8EF251961AB849E8005CDE34 = {
						CreatedOnToolsVersion = 6.2;
					};
					8EF251A11AB849E8005CDE34 = {
						CreatedOnToolsVersion = 6.2;
					};
				};
			};
			buildConfigurationList = 8EF251911AB849E8005CDE34 /* Build configuration list for PBXProject "AKAControls" */;
			compatibilityVersion = "Xcode 3.2";
			developmentRegion = English;
			hasScannedForEncodings = 0;
			knownRegions = (
				en,
			);
			mainGroup = 8EF2518D1AB849E8005CDE34;
			productRefGroup = 8EF251981AB849E8005CDE34 /* Products */;
			projectDirPath = "";
			projectRoot = "";
			targets = (
				8EF251961AB849E8005CDE34 /* AKAControls */,
				8EF251A11AB849E8005CDE34 /* AKAControlsTests */,
			);
		};
/* End PBXProject section */

/* Begin PBXResourcesBuildPhase section */
		8EF251951AB849E8005CDE34 /* Resources */ = {
			isa = PBXResourcesBuildPhase;
			buildActionMask = 2147483647;
			files = (
				8EFEC1231AD119690005AE63 /* AppledocSettings.plist in Resources */,
				8EECDABB1AC97B91001A6826 /* AKAControls.podspec in Resources */,
				8EECDAB91AC97B80001A6826 /* Podfile in Resources */,
			);
			runOnlyForDeploymentPostprocessing = 0;
		};
		8EF251A01AB849E8005CDE34 /* Resources */ = {
			isa = PBXResourcesBuildPhase;
			buildActionMask = 2147483647;
			files = (
			);
			runOnlyForDeploymentPostprocessing = 0;
		};
/* End PBXResourcesBuildPhase section */

/* Begin PBXShellScriptBuildPhase section */
		32BFE21E164E38062E33A056 /* Check Pods Manifest.lock */ = {
			isa = PBXShellScriptBuildPhase;
			buildActionMask = 2147483647;
			files = (
			);
			inputPaths = (
			);
			name = "Check Pods Manifest.lock";
			outputPaths = (
			);
			runOnlyForDeploymentPostprocessing = 0;
			shellPath = /bin/sh;
			shellScript = "diff \"${PODS_ROOT}/../Podfile.lock\" \"${PODS_ROOT}/Manifest.lock\" > /dev/null\nif [[ $? != 0 ]] ; then\n    cat << EOM\nerror: The sandbox is not in sync with the Podfile.lock. Run 'pod install' or update your CocoaPods installation.\nEOM\n    exit 1\nfi\n";
			showEnvVarsInLog = 0;
		};
		8E0D63BA1ACEF82B00F4C25B /* Generate Documentation (appledoc) */ = {
			isa = PBXShellScriptBuildPhase;
			buildActionMask = 8;
			files = (
			);
			inputPaths = (
			);
			name = "Generate Documentation (appledoc)";
			outputPaths = (
			);
			runOnlyForDeploymentPostprocessing = 1;
			shellPath = /bin/sh;
			shellScript = "set -x\nversion=`xpath AKAControls/Info.plist '/plist/dict/string[preceding-sibling::key[1][text() = \"CFBundleShortVersionString\"]]/text()' 2>/dev/null`\nbuild=`xpath AKAControls/Info.plist '/plist/dict/string[preceding-sibling::key[1][text() = \"CFBundleVersion\"]]/text()' 2>/dev/null`\n\n[ -x ~/bin/appledoc ] && \\\n~/bin/appledoc \\\n    --project-name \"${PRODUCT_NAME}\" \\\n    --project-version \"${version}-b${build}\" \\\n    --output \"${PROJECT_DIR}/Documentation/appledoc\" \\\n    \"${PROJECT_DIR}/AKAControls/AppledocSettings.plist\" \\\n    \"${PROJECT_DIR}/AKAControls/Classes\"";
		};
		AF049C7E471D0C2F8922E24B /* Copy Pods Resources */ = {
			isa = PBXShellScriptBuildPhase;
			buildActionMask = 2147483647;
			files = (
			);
			inputPaths = (
			);
			name = "Copy Pods Resources";
			outputPaths = (
			);
			runOnlyForDeploymentPostprocessing = 0;
			shellPath = /bin/sh;
			shellScript = "\"${SRCROOT}/Pods/Target Support Files/Pods/Pods-resources.sh\"\n";
			showEnvVarsInLog = 0;
		};
		FADFE2E0DF08AD3C2F7E92FE /* Embed Pods Frameworks */ = {
			isa = PBXShellScriptBuildPhase;
			buildActionMask = 2147483647;
			files = (
			);
			inputPaths = (
			);
			name = "Embed Pods Frameworks";
			outputPaths = (
			);
			runOnlyForDeploymentPostprocessing = 0;
			shellPath = /bin/sh;
			shellScript = "\"${SRCROOT}/Pods/Target Support Files/Pods/Pods-frameworks.sh\"\n";
			showEnvVarsInLog = 0;
		};
/* End PBXShellScriptBuildPhase section */

/* Begin PBXSourcesBuildPhase section */
		8EF251921AB849E8005CDE34 /* Sources */ = {
			isa = PBXSourcesBuildPhase;
			buildActionMask = 2147483647;
			files = (
				8EF251E41AB84AF2005CDE34 /* AKAControlsErrors.m in Sources */,
				8EF251D81AB84AF2005CDE34 /* AKALabel.m in Sources */,
				8E81140A1ACAF282004F5665 /* UIView+AKABinding.m in Sources */,
				8EF07D741AD7CEB600E8CCB6 /* AKAKeyboardActivationSequence.m in Sources */,
				8EFDA2871AC4CE98004B8FBE /* AKAThemableContainerView.m in Sources */,
				8E485E521AD1F0940078417E /* AKAViewBindingConfiguration.m in Sources */,
				8EECDAC51AC9CDA7001A6826 /* AKASwitchEditorControlView.m in Sources */,
				8EECDAA51AC59664001A6826 /* AKASubviewsSpecification.m in Sources */,
				8EF251D61AB84AF2005CDE34 /* AKASwitch.m in Sources */,
				8EFDA27F1AC41D2E004B8FBE /* AKATheme.m in Sources */,
				8EFDA2831AC41D2E004B8FBE /* AKAThemeViewApplicability.m in Sources */,
				8EBA33A51ABBFD62007436AA /* AKATextEditorControlView.m in Sources */,
				8EBD90871ACB15220029A5A2 /* AKASwitchBinding.m in Sources */,
				8EF251D71AB84AF2005CDE34 /* AKACompositeControl.m in Sources */,
				8EFDA2821AC41D2E004B8FBE /* AKAViewCustomization.m in Sources */,
				8EECDAC11AC9CC22001A6826 /* AKAPasswordEditorControlView.m in Sources */,
				8EFDA27C1AC41D2E004B8FBE /* AKALayoutConstraintSpecification.m in Sources */,
				8EF07D701AD7429B00E8CCB6 /* AKAControlsStyleKit.m in Sources */,
				8EFDA27D1AC41D2E004B8FBE /* AKAThemeLayout.m in Sources */,
				8EF07D781AD83AD500E8CCB6 /* AKAFormControl.m in Sources */,
				8EF251DA1AB84AF2005CDE34 /* AKAControl.m in Sources */,
				8E485E5A1AD2D0900078417E /* AKACompositeViewBindingConfiguration.m in Sources */,
				8EBD90831ACB00EA0029A5A2 /* AKALabelBinding.m in Sources */,
				8E6C52611AD87B850011525A /* AKAKeyboardActivationSequenceAccessoryView.m in Sources */,
				8EF251D51AB84AF2005CDE34 /* AKATextField.m in Sources */,
				8E485E561AD26BC90078417E /* AKAViewBinding.m in Sources */,
				8EBA32DD1AB9D861007436AA /* AKATextFieldBinding.m in Sources */,
				8EF251CD1AB84AF2005CDE34 /* AKAEditorControlView.m in Sources */,
				8E4621DA1AD6B4F500414675 /* AKANumberTextField.m in Sources */,
				8E4F38621AC1D7FB00EB1322 /* UIView+AKAThemeProvider.m in Sources */,
			);
			runOnlyForDeploymentPostprocessing = 0;
		};
		8EF2519E1AB849E8005CDE34 /* Sources */ = {
			isa = PBXSourcesBuildPhase;
			buildActionMask = 2147483647;
			files = (
				8E4F386A1AC2D42900EB1322 /* AKALabel.m in Sources */,
				8EF251AA1AB849E8005CDE34 /* AKAControlsTests.m in Sources */,
				8E4F38691AC2CA0400EB1322 /* AKAThemeTests.m in Sources */,
			);
			runOnlyForDeploymentPostprocessing = 0;
		};
/* End PBXSourcesBuildPhase section */

/* Begin PBXTargetDependency section */
		8EF251A51AB849E8005CDE34 /* PBXTargetDependency */ = {
			isa = PBXTargetDependency;
			target = 8EF251961AB849E8005CDE34 /* AKAControls */;
			targetProxy = 8EF251A41AB849E8005CDE34 /* PBXContainerItemProxy */;
		};
/* End PBXTargetDependency section */

/* Begin XCBuildConfiguration section */
		8EF251AB1AB849E8005CDE34 /* Debug */ = {
			isa = XCBuildConfiguration;
			buildSettings = {
				ALWAYS_SEARCH_USER_PATHS = NO;
				CLANG_ALLOW_NON_MODULAR_INCLUDES_IN_FRAMEWORK_MODULES = YES;
				CLANG_CXX_LANGUAGE_STANDARD = "gnu++0x";
				CLANG_CXX_LIBRARY = "libc++";
				CLANG_ENABLE_MODULES = YES;
				CLANG_ENABLE_OBJC_ARC = YES;
				CLANG_WARN_BOOL_CONVERSION = YES;
				CLANG_WARN_CONSTANT_CONVERSION = YES;
				CLANG_WARN_DIRECT_OBJC_ISA_USAGE = YES_ERROR;
				CLANG_WARN_EMPTY_BODY = YES;
				CLANG_WARN_ENUM_CONVERSION = YES;
				CLANG_WARN_INT_CONVERSION = YES;
				CLANG_WARN_OBJC_ROOT_CLASS = YES_ERROR;
				CLANG_WARN_UNREACHABLE_CODE = YES;
				CLANG_WARN__DUPLICATE_METHOD_MATCH = YES;
				"CODE_SIGN_IDENTITY[sdk=iphoneos*]" = "iPhone Developer";
				COPY_PHASE_STRIP = NO;
				CURRENT_PROJECT_VERSION = 1;
				ENABLE_STRICT_OBJC_MSGSEND = YES;
				GCC_C_LANGUAGE_STANDARD = gnu99;
				GCC_DYNAMIC_NO_PIC = NO;
				GCC_OPTIMIZATION_LEVEL = 0;
				GCC_PREPROCESSOR_DEFINITIONS = (
					"DEBUG=1",
					"$(inherited)",
				);
				GCC_SYMBOLS_PRIVATE_EXTERN = NO;
				GCC_WARN_64_TO_32_BIT_CONVERSION = YES;
				GCC_WARN_ABOUT_RETURN_TYPE = YES_ERROR;
				GCC_WARN_UNDECLARED_SELECTOR = YES;
				GCC_WARN_UNINITIALIZED_AUTOS = YES_AGGRESSIVE;
				GCC_WARN_UNUSED_FUNCTION = YES;
				GCC_WARN_UNUSED_VARIABLE = YES;
				IPHONEOS_DEPLOYMENT_TARGET = 8.2;
				MTL_ENABLE_DEBUG_INFO = YES;
				ONLY_ACTIVE_ARCH = YES;
				SDKROOT = iphoneos;
				TARGETED_DEVICE_FAMILY = "1,2";
				VERSIONING_SYSTEM = "apple-generic";
				VERSION_INFO_PREFIX = "";
			};
			name = Debug;
		};
		8EF251AC1AB849E8005CDE34 /* Release */ = {
			isa = XCBuildConfiguration;
			buildSettings = {
				ALWAYS_SEARCH_USER_PATHS = NO;
				CLANG_ALLOW_NON_MODULAR_INCLUDES_IN_FRAMEWORK_MODULES = YES;
				CLANG_CXX_LANGUAGE_STANDARD = "gnu++0x";
				CLANG_CXX_LIBRARY = "libc++";
				CLANG_ENABLE_MODULES = YES;
				CLANG_ENABLE_OBJC_ARC = YES;
				CLANG_WARN_BOOL_CONVERSION = YES;
				CLANG_WARN_CONSTANT_CONVERSION = YES;
				CLANG_WARN_DIRECT_OBJC_ISA_USAGE = YES_ERROR;
				CLANG_WARN_EMPTY_BODY = YES;
				CLANG_WARN_ENUM_CONVERSION = YES;
				CLANG_WARN_INT_CONVERSION = YES;
				CLANG_WARN_OBJC_ROOT_CLASS = YES_ERROR;
				CLANG_WARN_UNREACHABLE_CODE = YES;
				CLANG_WARN__DUPLICATE_METHOD_MATCH = YES;
				"CODE_SIGN_IDENTITY[sdk=iphoneos*]" = "iPhone Developer";
				COPY_PHASE_STRIP = NO;
				CURRENT_PROJECT_VERSION = 1;
				ENABLE_NS_ASSERTIONS = NO;
				ENABLE_STRICT_OBJC_MSGSEND = YES;
				GCC_C_LANGUAGE_STANDARD = gnu99;
				GCC_WARN_64_TO_32_BIT_CONVERSION = YES;
				GCC_WARN_ABOUT_RETURN_TYPE = YES_ERROR;
				GCC_WARN_UNDECLARED_SELECTOR = YES;
				GCC_WARN_UNINITIALIZED_AUTOS = YES_AGGRESSIVE;
				GCC_WARN_UNUSED_FUNCTION = YES;
				GCC_WARN_UNUSED_VARIABLE = YES;
				IPHONEOS_DEPLOYMENT_TARGET = 8.2;
				MTL_ENABLE_DEBUG_INFO = NO;
				SDKROOT = iphoneos;
				TARGETED_DEVICE_FAMILY = "1,2";
				VALIDATE_PRODUCT = YES;
				VERSIONING_SYSTEM = "apple-generic";
				VERSION_INFO_PREFIX = "";
			};
			name = Release;
		};
		8EF251AE1AB849E8005CDE34 /* Debug */ = {
			isa = XCBuildConfiguration;
			baseConfigurationReference = 8EBA32E31ABAE288007436AA /* Pods.debug.xcconfig */;
			buildSettings = {
				CLANG_ALLOW_NON_MODULAR_INCLUDES_IN_FRAMEWORK_MODULES = NO;
				DEFINES_MODULE = YES;
				DYLIB_COMPATIBILITY_VERSION = 1;
				DYLIB_CURRENT_VERSION = 1;
				DYLIB_INSTALL_NAME_BASE = "@rpath";
				INFOPLIST_FILE = AKAControls/Info.plist;
				INSTALL_PATH = "$(LOCAL_LIBRARY_DIR)/Frameworks";
				LD_RUNPATH_SEARCH_PATHS = "$(inherited) @executable_path/Frameworks @loader_path/Frameworks";
				PRODUCT_NAME = "$(TARGET_NAME)";
				SKIP_INSTALL = YES;
			};
			name = Debug;
		};
		8EF251AF1AB849E8005CDE34 /* Release */ = {
			isa = XCBuildConfiguration;
			baseConfigurationReference = 8EBA32E41ABAE288007436AA /* Pods.release.xcconfig */;
			buildSettings = {
				CLANG_ALLOW_NON_MODULAR_INCLUDES_IN_FRAMEWORK_MODULES = NO;
				DEFINES_MODULE = YES;
				DYLIB_COMPATIBILITY_VERSION = 1;
				DYLIB_CURRENT_VERSION = 1;
				DYLIB_INSTALL_NAME_BASE = "@rpath";
				INFOPLIST_FILE = AKAControls/Info.plist;
				INSTALL_PATH = "$(LOCAL_LIBRARY_DIR)/Frameworks";
				LD_RUNPATH_SEARCH_PATHS = "$(inherited) @executable_path/Frameworks @loader_path/Frameworks";
				PRODUCT_NAME = "$(TARGET_NAME)";
				SKIP_INSTALL = YES;
			};
			name = Release;
		};
		8EF251B11AB849E8005CDE34 /* Debug */ = {
			isa = XCBuildConfiguration;
			baseConfigurationReference = 8EBA32E31ABAE288007436AA /* Pods.debug.xcconfig */;
			buildSettings = {
				FRAMEWORK_SEARCH_PATHS = (
					"$(SDKROOT)/Developer/Library/Frameworks",
					"$(inherited)",
				);
				GCC_PREPROCESSOR_DEFINITIONS = (
					"DEBUG=1",
					"$(inherited)",
				);
				INFOPLIST_FILE = AKAControlsTests/Info.plist;
				LD_RUNPATH_SEARCH_PATHS = "$(inherited) @executable_path/Frameworks @loader_path/Frameworks";
				PRODUCT_NAME = "$(TARGET_NAME)";
			};
			name = Debug;
		};
		8EF251B21AB849E8005CDE34 /* Release */ = {
			isa = XCBuildConfiguration;
			buildSettings = {
				FRAMEWORK_SEARCH_PATHS = (
					"$(SDKROOT)/Developer/Library/Frameworks",
					"$(inherited)",
				);
				INFOPLIST_FILE = AKAControlsTests/Info.plist;
				LD_RUNPATH_SEARCH_PATHS = "$(inherited) @executable_path/Frameworks @loader_path/Frameworks";
				PRODUCT_NAME = "$(TARGET_NAME)";
			};
			name = Release;
		};
/* End XCBuildConfiguration section */

/* Begin XCConfigurationList section */
		8EF251911AB849E8005CDE34 /* Build configuration list for PBXProject "AKAControls" */ = {
			isa = XCConfigurationList;
			buildConfigurations = (
				8EF251AB1AB849E8005CDE34 /* Debug */,
				8EF251AC1AB849E8005CDE34 /* Release */,
			);
			defaultConfigurationIsVisible = 0;
			defaultConfigurationName = Release;
		};
		8EF251AD1AB849E8005CDE34 /* Build configuration list for PBXNativeTarget "AKAControls" */ = {
			isa = XCConfigurationList;
			buildConfigurations = (
				8EF251AE1AB849E8005CDE34 /* Debug */,
				8EF251AF1AB849E8005CDE34 /* Release */,
			);
			defaultConfigurationIsVisible = 0;
			defaultConfigurationName = Release;
		};
		8EF251B01AB849E8005CDE34 /* Build configuration list for PBXNativeTarget "AKAControlsTests" */ = {
			isa = XCConfigurationList;
			buildConfigurations = (
				8EF251B11AB849E8005CDE34 /* Debug */,
				8EF251B21AB849E8005CDE34 /* Release */,
			);
			defaultConfigurationIsVisible = 0;
			defaultConfigurationName = Release;
		};
/* End XCConfigurationList section */
	};
	rootObject = 8EF2518E1AB849E8005CDE34 /* Project object */;
}
