// !$*UTF8*$!
{
	archiveVersion = 1;
	classes = {
	};
	objectVersion = 46;
	objects = {

/* Begin PBXBuildFile section */
		8E61FFC51BA641C400A4022F /* AKAChoiceDemoTableViewController.m in Sources */ = {isa = PBXBuildFile; fileRef = 8E61FFC41BA641C400A4022F /* AKAChoiceDemoTableViewController.m */; };
		8E7D6EAF1AE0359200EE636E /* AKAMultiplexedTableViewControllerDemoTableViewController.m in Sources */ = {isa = PBXBuildFile; fileRef = 8E7D6EAE1AE0359200EE636E /* AKAMultiplexedTableViewControllerDemoTableViewController.m */; };
		8EBA332C1ABAFA82007436AA /* main.m in Sources */ = {isa = PBXBuildFile; fileRef = 8EBA332B1ABAFA82007436AA /* main.m */; };
		8EBA332F1ABAFA82007436AA /* AppDelegate.m in Sources */ = {isa = PBXBuildFile; fileRef = 8EBA332E1ABAFA82007436AA /* AppDelegate.m */; };
		8EBA33321ABAFA82007436AA /* AKAControlsDemoBaseViewController.m in Sources */ = {isa = PBXBuildFile; fileRef = 8EBA33311ABAFA82007436AA /* AKAControlsDemoBaseViewController.m */; };
		8EBA33351ABAFA82007436AA /* Main.storyboard in Resources */ = {isa = PBXBuildFile; fileRef = 8EBA33331ABAFA82007436AA /* Main.storyboard */; };
		8EBA33371ABAFA82007436AA /* Images.xcassets in Resources */ = {isa = PBXBuildFile; fileRef = 8EBA33361ABAFA82007436AA /* Images.xcassets */; };
		8EBA333A1ABAFA82007436AA /* LaunchScreen.xib in Resources */ = {isa = PBXBuildFile; fileRef = 8EBA33381ABAFA82007436AA /* LaunchScreen.xib */; };
		8EBA33461ABAFA82007436AA /* AKAControlsDemoTests.m in Sources */ = {isa = PBXBuildFile; fileRef = 8EBA33451ABAFA82007436AA /* AKAControlsDemoTests.m */; };
		8EBD27471AEA4C08009A68F2 /* AKAFormTableViewControllerDemo.m in Sources */ = {isa = PBXBuildFile; fileRef = 8EBD27461AEA4C08009A68F2 /* AKAFormTableViewControllerDemo.m */; };
		8EECDABD1AC97C53001A6826 /* Podfile in Resources */ = {isa = PBXBuildFile; fileRef = 8EECDABC1AC97C53001A6826 /* Podfile */; };
		ED8AAF800C94DEA7BAF7475D /* Pods_AKAControlsDemo.framework in Frameworks */ = {isa = PBXBuildFile; fileRef = 3569AD6CB43A7544DEA5267C /* Pods_AKAControlsDemo.framework */; };
/* End PBXBuildFile section */

/* Begin PBXContainerItemProxy section */
		8EBA33401ABAFA82007436AA /* PBXContainerItemProxy */ = {
			isa = PBXContainerItemProxy;
			containerPortal = 8EBA331E1ABAFA82007436AA /* Project object */;
			proxyType = 1;
			remoteGlobalIDString = 8EBA33251ABAFA82007436AA;
			remoteInfo = AKAControlsDemo;
		};
/* End PBXContainerItemProxy section */

/* Begin PBXFileReference section */
		3569AD6CB43A7544DEA5267C /* Pods_AKAControlsDemo.framework */ = {isa = PBXFileReference; explicitFileType = wrapper.framework; includeInIndex = 0; path = Pods_AKAControlsDemo.framework; sourceTree = BUILT_PRODUCTS_DIR; };
		40CBAA5025054444FECF4F72 /* Pods-AKAControlsDemo.release.xcconfig */ = {isa = PBXFileReference; includeInIndex = 1; lastKnownFileType = text.xcconfig; name = "Pods-AKAControlsDemo.release.xcconfig"; path = "../Pods/Target Support Files/Pods-AKAControlsDemo/Pods-AKAControlsDemo.release.xcconfig"; sourceTree = "<group>"; };
		5F56F71FDA93B42321413D5C /* Pods-AKAControlsDemo.debug.xcconfig */ = {isa = PBXFileReference; includeInIndex = 1; lastKnownFileType = text.xcconfig; name = "Pods-AKAControlsDemo.debug.xcconfig"; path = "../Pods/Target Support Files/Pods-AKAControlsDemo/Pods-AKAControlsDemo.debug.xcconfig"; sourceTree = "<group>"; };
		8E61FFC31BA641C400A4022F /* AKAChoiceDemoTableViewController.h */ = {isa = PBXFileReference; fileEncoding = 4; lastKnownFileType = sourcecode.c.h; path = AKAChoiceDemoTableViewController.h; sourceTree = "<group>"; };
		8E61FFC41BA641C400A4022F /* AKAChoiceDemoTableViewController.m */ = {isa = PBXFileReference; fileEncoding = 4; lastKnownFileType = sourcecode.c.objc; path = AKAChoiceDemoTableViewController.m; sourceTree = "<group>"; };
		8E7D6EAD1AE0359200EE636E /* AKAMultiplexedTableViewControllerDemoTableViewController.h */ = {isa = PBXFileReference; fileEncoding = 4; lastKnownFileType = sourcecode.c.h; path = AKAMultiplexedTableViewControllerDemoTableViewController.h; sourceTree = "<group>"; };
		8E7D6EAE1AE0359200EE636E /* AKAMultiplexedTableViewControllerDemoTableViewController.m */ = {isa = PBXFileReference; fileEncoding = 4; lastKnownFileType = sourcecode.c.objc; path = AKAMultiplexedTableViewControllerDemoTableViewController.m; sourceTree = "<group>"; };
		8EBA33261ABAFA82007436AA /* AKAControlsDemo.app */ = {isa = PBXFileReference; explicitFileType = wrapper.application; includeInIndex = 0; path = AKAControlsDemo.app; sourceTree = BUILT_PRODUCTS_DIR; };
		8EBA332A1ABAFA82007436AA /* Info.plist */ = {isa = PBXFileReference; lastKnownFileType = text.plist.xml; path = Info.plist; sourceTree = "<group>"; };
		8EBA332B1ABAFA82007436AA /* main.m */ = {isa = PBXFileReference; lastKnownFileType = sourcecode.c.objc; path = main.m; sourceTree = "<group>"; };
		8EBA332D1ABAFA82007436AA /* AppDelegate.h */ = {isa = PBXFileReference; lastKnownFileType = sourcecode.c.h; path = AppDelegate.h; sourceTree = "<group>"; };
		8EBA332E1ABAFA82007436AA /* AppDelegate.m */ = {isa = PBXFileReference; lastKnownFileType = sourcecode.c.objc; path = AppDelegate.m; sourceTree = "<group>"; };
		8EBA33301ABAFA82007436AA /* AKAControlsDemoBaseViewController.h */ = {isa = PBXFileReference; lastKnownFileType = sourcecode.c.h; path = AKAControlsDemoBaseViewController.h; sourceTree = "<group>"; };
		8EBA33311ABAFA82007436AA /* AKAControlsDemoBaseViewController.m */ = {isa = PBXFileReference; lastKnownFileType = sourcecode.c.objc; path = AKAControlsDemoBaseViewController.m; sourceTree = "<group>"; };
		8EBA33341ABAFA82007436AA /* Base */ = {isa = PBXFileReference; lastKnownFileType = file.storyboard; name = Base; path = Base.lproj/Main.storyboard; sourceTree = "<group>"; };
		8EBA33361ABAFA82007436AA /* Images.xcassets */ = {isa = PBXFileReference; lastKnownFileType = folder.assetcatalog; path = Images.xcassets; sourceTree = "<group>"; };
		8EBA33391ABAFA82007436AA /* Base */ = {isa = PBXFileReference; lastKnownFileType = file.xib; name = Base; path = Base.lproj/LaunchScreen.xib; sourceTree = "<group>"; };
		8EBA333F1ABAFA82007436AA /* AKAControlsDemoTests.xctest */ = {isa = PBXFileReference; explicitFileType = wrapper.cfbundle; includeInIndex = 0; path = AKAControlsDemoTests.xctest; sourceTree = BUILT_PRODUCTS_DIR; };
		8EBA33441ABAFA82007436AA /* Info.plist */ = {isa = PBXFileReference; lastKnownFileType = text.plist.xml; path = Info.plist; sourceTree = "<group>"; };
		8EBA33451ABAFA82007436AA /* AKAControlsDemoTests.m */ = {isa = PBXFileReference; lastKnownFileType = sourcecode.c.objc; path = AKAControlsDemoTests.m; sourceTree = "<group>"; };
		8EBD27451AEA4C08009A68F2 /* AKAFormTableViewControllerDemo.h */ = {isa = PBXFileReference; fileEncoding = 4; lastKnownFileType = sourcecode.c.h; path = AKAFormTableViewControllerDemo.h; sourceTree = "<group>"; };
		8EBD27461AEA4C08009A68F2 /* AKAFormTableViewControllerDemo.m */ = {isa = PBXFileReference; fileEncoding = 4; lastKnownFileType = sourcecode.c.objc; path = AKAFormTableViewControllerDemo.m; sourceTree = "<group>"; };
		8EECDABC1AC97C53001A6826 /* Podfile */ = {isa = PBXFileReference; fileEncoding = 4; lastKnownFileType = text; path = Podfile; sourceTree = SOURCE_ROOT; };
		9AD591E74E4A6B018CDD9320 /* Pods.framework */ = {isa = PBXFileReference; explicitFileType = wrapper.framework; includeInIndex = 0; path = Pods.framework; sourceTree = BUILT_PRODUCTS_DIR; };
/* End PBXFileReference section */

/* Begin PBXFrameworksBuildPhase section */
		8EBA33231ABAFA82007436AA /* Frameworks */ = {
			isa = PBXFrameworksBuildPhase;
			buildActionMask = 2147483647;
			files = (
				ED8AAF800C94DEA7BAF7475D /* Pods_AKAControlsDemo.framework in Frameworks */,
			);
			runOnlyForDeploymentPostprocessing = 0;
		};
		8EBA333C1ABAFA82007436AA /* Frameworks */ = {
			isa = PBXFrameworksBuildPhase;
			buildActionMask = 2147483647;
			files = (
			);
			runOnlyForDeploymentPostprocessing = 0;
		};
/* End PBXFrameworksBuildPhase section */

/* Begin PBXGroup section */
		8A2220E4A0C31716F48B2522 /* Frameworks */ = {
			isa = PBXGroup;
			children = (
				9AD591E74E4A6B018CDD9320 /* Pods.framework */,
				3569AD6CB43A7544DEA5267C /* Pods_AKAControlsDemo.framework */,
			);
			name = Frameworks;
			sourceTree = "<group>";
		};
		8EBA331D1ABAFA82007436AA = {
			isa = PBXGroup;
			children = (
				8EBA33281ABAFA82007436AA /* AKAControlsDemo */,
				8EBA33421ABAFA82007436AA /* AKAControlsDemoTests */,
				8EBA33271ABAFA82007436AA /* Products */,
				8A2220E4A0C31716F48B2522 /* Frameworks */,
				C505041EACAADD460A8E9DDB /* Pods */,
			);
			sourceTree = "<group>";
		};
		8EBA33271ABAFA82007436AA /* Products */ = {
			isa = PBXGroup;
			children = (
				8EBA33261ABAFA82007436AA /* AKAControlsDemo.app */,
				8EBA333F1ABAFA82007436AA /* AKAControlsDemoTests.xctest */,
			);
			name = Products;
			sourceTree = "<group>";
		};
		8EBA33281ABAFA82007436AA /* AKAControlsDemo */ = {
			isa = PBXGroup;
			children = (
				8EBA33331ABAFA82007436AA /* Main.storyboard */,
				8EBA332D1ABAFA82007436AA /* AppDelegate.h */,
				8EBA332E1ABAFA82007436AA /* AppDelegate.m */,
				8EBA33301ABAFA82007436AA /* AKAControlsDemoBaseViewController.h */,
				8EBA33311ABAFA82007436AA /* AKAControlsDemoBaseViewController.m */,
				8EBD27451AEA4C08009A68F2 /* AKAFormTableViewControllerDemo.h */,
				8EBD27461AEA4C08009A68F2 /* AKAFormTableViewControllerDemo.m */,
				8E7D6EAD1AE0359200EE636E /* AKAMultiplexedTableViewControllerDemoTableViewController.h */,
				8E7D6EAE1AE0359200EE636E /* AKAMultiplexedTableViewControllerDemoTableViewController.m */,
				8E61FFC31BA641C400A4022F /* AKAChoiceDemoTableViewController.h */,
				8E61FFC41BA641C400A4022F /* AKAChoiceDemoTableViewController.m */,
				8EBA33361ABAFA82007436AA /* Images.xcassets */,
				8EBA33381ABAFA82007436AA /* LaunchScreen.xib */,
				8EBA33291ABAFA82007436AA /* Supporting Files */,
			);
			path = AKAControlsDemo;
			sourceTree = "<group>";
		};
		8EBA33291ABAFA82007436AA /* Supporting Files */ = {
			isa = PBXGroup;
			children = (
				8EECDABC1AC97C53001A6826 /* Podfile */,
				8EBA332A1ABAFA82007436AA /* Info.plist */,
				8EBA332B1ABAFA82007436AA /* main.m */,
			);
			name = "Supporting Files";
			sourceTree = "<group>";
		};
		8EBA33421ABAFA82007436AA /* AKAControlsDemoTests */ = {
			isa = PBXGroup;
			children = (
				8EBA33451ABAFA82007436AA /* AKAControlsDemoTests.m */,
				8EBA33431ABAFA82007436AA /* Supporting Files */,
			);
			path = AKAControlsDemoTests;
			sourceTree = "<group>";
		};
		8EBA33431ABAFA82007436AA /* Supporting Files */ = {
			isa = PBXGroup;
			children = (
				8EBA33441ABAFA82007436AA /* Info.plist */,
			);
			name = "Supporting Files";
			sourceTree = "<group>";
		};
		C505041EACAADD460A8E9DDB /* Pods */ = {
			isa = PBXGroup;
			children = (
				5F56F71FDA93B42321413D5C /* Pods-AKAControlsDemo.debug.xcconfig */,
				40CBAA5025054444FECF4F72 /* Pods-AKAControlsDemo.release.xcconfig */,
			);
			name = Pods;
			sourceTree = "<group>";
		};
/* End PBXGroup section */

/* Begin PBXNativeTarget section */
		8EBA33251ABAFA82007436AA /* AKAControlsDemo */ = {
			isa = PBXNativeTarget;
			buildConfigurationList = 8EBA33491ABAFA82007436AA /* Build configuration list for PBXNativeTarget "AKAControlsDemo" */;
			buildPhases = (
				83113F564103E5884BFD187C /* Check Pods Manifest.lock */,
				8EBA33221ABAFA82007436AA /* Sources */,
				8EBA33231ABAFA82007436AA /* Frameworks */,
				8EBA33241ABAFA82007436AA /* Resources */,
				8B8E4EEC133F5E52D7DAE493 /* Embed Pods Frameworks */,
				DDAF6E7BAFA53FCBBD2C19EA /* Copy Pods Resources */,
			);
			buildRules = (
			);
			dependencies = (
			);
			name = AKAControlsDemo;
			productName = AKAControlsDemo;
			productReference = 8EBA33261ABAFA82007436AA /* AKAControlsDemo.app */;
			productType = "com.apple.product-type.application";
		};
		8EBA333E1ABAFA82007436AA /* AKAControlsDemoTests */ = {
			isa = PBXNativeTarget;
			buildConfigurationList = 8EBA334C1ABAFA82007436AA /* Build configuration list for PBXNativeTarget "AKAControlsDemoTests" */;
			buildPhases = (
				8EBA333B1ABAFA82007436AA /* Sources */,
				8EBA333C1ABAFA82007436AA /* Frameworks */,
				8EBA333D1ABAFA82007436AA /* Resources */,
			);
			buildRules = (
			);
			dependencies = (
				8EBA33411ABAFA82007436AA /* PBXTargetDependency */,
			);
			name = AKAControlsDemoTests;
			productName = AKAControlsDemoTests;
			productReference = 8EBA333F1ABAFA82007436AA /* AKAControlsDemoTests.xctest */;
			productType = "com.apple.product-type.bundle.unit-test";
		};
/* End PBXNativeTarget section */

/* Begin PBXProject section */
		8EBA331E1ABAFA82007436AA /* Project object */ = {
			isa = PBXProject;
			attributes = {
				LastUpgradeCheck = 0700;
				ORGANIZATIONNAME = "AKA Sarl";
				TargetAttributes = {
					8EBA33251ABAFA82007436AA = {
						CreatedOnToolsVersion = 6.2;
						DevelopmentTeam = PUB728ZT9Y;
					};
					8EBA333E1ABAFA82007436AA = {
						CreatedOnToolsVersion = 6.2;
						TestTargetID = 8EBA33251ABAFA82007436AA;
					};
				};
			};
			buildConfigurationList = 8EBA33211ABAFA82007436AA /* Build configuration list for PBXProject "AKAControlsDemo" */;
			compatibilityVersion = "Xcode 3.2";
			developmentRegion = English;
			hasScannedForEncodings = 0;
			knownRegions = (
				en,
				Base,
			);
			mainGroup = 8EBA331D1ABAFA82007436AA;
			productRefGroup = 8EBA33271ABAFA82007436AA /* Products */;
			projectDirPath = "";
			projectRoot = "";
			targets = (
				8EBA33251ABAFA82007436AA /* AKAControlsDemo */,
				8EBA333E1ABAFA82007436AA /* AKAControlsDemoTests */,
			);
		};
/* End PBXProject section */

/* Begin PBXResourcesBuildPhase section */
		8EBA33241ABAFA82007436AA /* Resources */ = {
			isa = PBXResourcesBuildPhase;
			buildActionMask = 2147483647;
			files = (
				8EBA33351ABAFA82007436AA /* Main.storyboard in Resources */,
				8EBA333A1ABAFA82007436AA /* LaunchScreen.xib in Resources */,
				8EECDABD1AC97C53001A6826 /* Podfile in Resources */,
				8EBA33371ABAFA82007436AA /* Images.xcassets in Resources */,
			);
			runOnlyForDeploymentPostprocessing = 0;
		};
		8EBA333D1ABAFA82007436AA /* Resources */ = {
			isa = PBXResourcesBuildPhase;
			buildActionMask = 2147483647;
			files = (
			);
			runOnlyForDeploymentPostprocessing = 0;
		};
/* End PBXResourcesBuildPhase section */

/* Begin PBXShellScriptBuildPhase section */
		83113F564103E5884BFD187C /* Check Pods Manifest.lock */ = {
			isa = PBXShellScriptBuildPhase;
			buildActionMask = 2147483647;
			files = (
			);
			inputPaths = (
			);
			name = "Check Pods Manifest.lock";
			outputPaths = (
			);
			runOnlyForDeploymentPostprocessing = 0;
			shellPath = /bin/sh;
			shellScript = "diff \"${PODS_ROOT}/../Podfile.lock\" \"${PODS_ROOT}/Manifest.lock\" > /dev/null\nif [[ $? != 0 ]] ; then\n    cat << EOM\nerror: The sandbox is not in sync with the Podfile.lock. Run 'pod install' or update your CocoaPods installation.\nEOM\n    exit 1\nfi\n";
			showEnvVarsInLog = 0;
		};
		8B8E4EEC133F5E52D7DAE493 /* Embed Pods Frameworks */ = {
			isa = PBXShellScriptBuildPhase;
			buildActionMask = 2147483647;
			files = (
			);
			inputPaths = (
			);
			name = "Embed Pods Frameworks";
			outputPaths = (
			);
			runOnlyForDeploymentPostprocessing = 0;
			shellPath = /bin/sh;
			shellScript = "\"${SRCROOT}/../Pods/Target Support Files/Pods-AKAControlsDemo/Pods-AKAControlsDemo-frameworks.sh\"\n";
			showEnvVarsInLog = 0;
		};
		DDAF6E7BAFA53FCBBD2C19EA /* Copy Pods Resources */ = {
			isa = PBXShellScriptBuildPhase;
			buildActionMask = 2147483647;
			files = (
			);
			inputPaths = (
			);
			name = "Copy Pods Resources";
			outputPaths = (
			);
			runOnlyForDeploymentPostprocessing = 0;
			shellPath = /bin/sh;
			shellScript = "\"${SRCROOT}/../Pods/Target Support Files/Pods-AKAControlsDemo/Pods-AKAControlsDemo-resources.sh\"\n";
			showEnvVarsInLog = 0;
		};
/* End PBXShellScriptBuildPhase section */

/* Begin PBXSourcesBuildPhase section */
		8EBA33221ABAFA82007436AA /* Sources */ = {
			isa = PBXSourcesBuildPhase;
			buildActionMask = 2147483647;
			files = (
				8E7D6EAF1AE0359200EE636E /* AKAMultiplexedTableViewControllerDemoTableViewController.m in Sources */,
				8EBD27471AEA4C08009A68F2 /* AKAFormTableViewControllerDemo.m in Sources */,
				8EBA33321ABAFA82007436AA /* AKAControlsDemoBaseViewController.m in Sources */,
				8E61FFC51BA641C400A4022F /* AKAChoiceDemoTableViewController.m in Sources */,
				8EBA332F1ABAFA82007436AA /* AppDelegate.m in Sources */,
				8EBA332C1ABAFA82007436AA /* main.m in Sources */,
			);
			runOnlyForDeploymentPostprocessing = 0;
		};
		8EBA333B1ABAFA82007436AA /* Sources */ = {
			isa = PBXSourcesBuildPhase;
			buildActionMask = 2147483647;
			files = (
				8EBA33461ABAFA82007436AA /* AKAControlsDemoTests.m in Sources */,
			);
			runOnlyForDeploymentPostprocessing = 0;
		};
/* End PBXSourcesBuildPhase section */

/* Begin PBXTargetDependency section */
		8EBA33411ABAFA82007436AA /* PBXTargetDependency */ = {
			isa = PBXTargetDependency;
			target = 8EBA33251ABAFA82007436AA /* AKAControlsDemo */;
			targetProxy = 8EBA33401ABAFA82007436AA /* PBXContainerItemProxy */;
		};
/* End PBXTargetDependency section */

/* Begin PBXVariantGroup section */
		8EBA33331ABAFA82007436AA /* Main.storyboard */ = {
			isa = PBXVariantGroup;
			children = (
				8EBA33341ABAFA82007436AA /* Base */,
			);
			name = Main.storyboard;
			sourceTree = "<group>";
		};
		8EBA33381ABAFA82007436AA /* LaunchScreen.xib */ = {
			isa = PBXVariantGroup;
			children = (
				8EBA33391ABAFA82007436AA /* Base */,
			);
			name = LaunchScreen.xib;
			sourceTree = "<group>";
		};
/* End PBXVariantGroup section */

/* Begin XCBuildConfiguration section */
		8EBA33471ABAFA82007436AA /* Debug */ = {
			isa = XCBuildConfiguration;
			buildSettings = {
				ALWAYS_SEARCH_USER_PATHS = NO;
				CLANG_CXX_LANGUAGE_STANDARD = "gnu++0x";
				CLANG_CXX_LIBRARY = "libc++";
				CLANG_ENABLE_MODULES = YES;
				CLANG_ENABLE_OBJC_ARC = YES;
				CLANG_WARN_BOOL_CONVERSION = YES;
				CLANG_WARN_CONSTANT_CONVERSION = YES;
				CLANG_WARN_DIRECT_OBJC_ISA_USAGE = YES_ERROR;
				CLANG_WARN_EMPTY_BODY = YES;
				CLANG_WARN_ENUM_CONVERSION = YES;
				CLANG_WARN_INT_CONVERSION = YES;
				CLANG_WARN_OBJC_ROOT_CLASS = YES_ERROR;
				CLANG_WARN_UNREACHABLE_CODE = YES;
				CLANG_WARN__DUPLICATE_METHOD_MATCH = YES;
				"CODE_SIGN_IDENTITY[sdk=iphoneos*]" = "iPhone Developer";
				COPY_PHASE_STRIP = NO;
				ENABLE_STRICT_OBJC_MSGSEND = YES;
				ENABLE_TESTABILITY = YES;
				GCC_C_LANGUAGE_STANDARD = gnu99;
				GCC_DYNAMIC_NO_PIC = NO;
				GCC_OPTIMIZATION_LEVEL = 0;
				GCC_PREPROCESSOR_DEFINITIONS = (
					"DEBUG=1",
					"$(inherited)",
				);
				GCC_SYMBOLS_PRIVATE_EXTERN = NO;
				GCC_WARN_64_TO_32_BIT_CONVERSION = YES;
				GCC_WARN_ABOUT_RETURN_TYPE = YES_ERROR;
				GCC_WARN_UNDECLARED_SELECTOR = YES;
				GCC_WARN_UNINITIALIZED_AUTOS = YES_AGGRESSIVE;
				GCC_WARN_UNUSED_FUNCTION = YES;
				GCC_WARN_UNUSED_VARIABLE = YES;
				IPHONEOS_DEPLOYMENT_TARGET = 8.0;
				MTL_ENABLE_DEBUG_INFO = YES;
				ONLY_ACTIVE_ARCH = YES;
				SDKROOT = iphoneos;
				TARGETED_DEVICE_FAMILY = "1,2";
			};
			name = Debug;
		};
		8EBA33481ABAFA82007436AA /* Release */ = {
			isa = XCBuildConfiguration;
			buildSettings = {
				ALWAYS_SEARCH_USER_PATHS = NO;
				CLANG_CXX_LANGUAGE_STANDARD = "gnu++0x";
				CLANG_CXX_LIBRARY = "libc++";
				CLANG_ENABLE_MODULES = YES;
				CLANG_ENABLE_OBJC_ARC = YES;
				CLANG_WARN_BOOL_CONVERSION = YES;
				CLANG_WARN_CONSTANT_CONVERSION = YES;
				CLANG_WARN_DIRECT_OBJC_ISA_USAGE = YES_ERROR;
				CLANG_WARN_EMPTY_BODY = YES;
				CLANG_WARN_ENUM_CONVERSION = YES;
				CLANG_WARN_INT_CONVERSION = YES;
				CLANG_WARN_OBJC_ROOT_CLASS = YES_ERROR;
				CLANG_WARN_UNREACHABLE_CODE = YES;
				CLANG_WARN__DUPLICATE_METHOD_MATCH = YES;
				"CODE_SIGN_IDENTITY[sdk=iphoneos*]" = "iPhone Developer";
				COPY_PHASE_STRIP = NO;
				ENABLE_NS_ASSERTIONS = NO;
				ENABLE_STRICT_OBJC_MSGSEND = YES;
				GCC_C_LANGUAGE_STANDARD = gnu99;
				GCC_WARN_64_TO_32_BIT_CONVERSION = YES;
				GCC_WARN_ABOUT_RETURN_TYPE = YES_ERROR;
				GCC_WARN_UNDECLARED_SELECTOR = YES;
				GCC_WARN_UNINITIALIZED_AUTOS = YES_AGGRESSIVE;
				GCC_WARN_UNUSED_FUNCTION = YES;
				GCC_WARN_UNUSED_VARIABLE = YES;
				IPHONEOS_DEPLOYMENT_TARGET = 8.0;
				MTL_ENABLE_DEBUG_INFO = NO;
				SDKROOT = iphoneos;
				TARGETED_DEVICE_FAMILY = "1,2";
				VALIDATE_PRODUCT = YES;
			};
			name = Release;
		};
		8EBA334A1ABAFA82007436AA /* Debug */ = {
			isa = XCBuildConfiguration;
			baseConfigurationReference = 5F56F71FDA93B42321413D5C /* Pods-AKAControlsDemo.debug.xcconfig */;
			buildSettings = {
				ASSETCATALOG_COMPILER_APPICON_NAME = AppIcon;
				CODE_SIGN_IDENTITY = "iPhone Developer";
				"CODE_SIGN_IDENTITY[sdk=iphoneos*]" = "iPhone Developer";
				INFOPLIST_FILE = AKAControlsDemo/Info.plist;
				LD_RUNPATH_SEARCH_PATHS = "$(inherited) @executable_path/Frameworks";
				PRODUCT_BUNDLE_IDENTIFIER = "com.aka-labs.$(PRODUCT_NAME:rfc1034identifier)";
				PRODUCT_NAME = "$(TARGET_NAME)";
				PROVISIONING_PROFILE = "";
			};
			name = Debug;
		};
		8EBA334B1ABAFA82007436AA /* Release */ = {
			isa = XCBuildConfiguration;
			baseConfigurationReference = 40CBAA5025054444FECF4F72 /* Pods-AKAControlsDemo.release.xcconfig */;
			buildSettings = {
				ASSETCATALOG_COMPILER_APPICON_NAME = AppIcon;
				CODE_SIGN_IDENTITY = "iPhone Developer";
				"CODE_SIGN_IDENTITY[sdk=iphoneos*]" = "iPhone Developer";
				INFOPLIST_FILE = AKAControlsDemo/Info.plist;
				LD_RUNPATH_SEARCH_PATHS = "$(inherited) @executable_path/Frameworks";
				PRODUCT_BUNDLE_IDENTIFIER = "com.aka-labs.$(PRODUCT_NAME:rfc1034identifier)";
				PRODUCT_NAME = "$(TARGET_NAME)";
				PROVISIONING_PROFILE = "";
			};
			name = Release;
		};
		8EBA334D1ABAFA82007436AA /* Debug */ = {
			isa = XCBuildConfiguration;
			buildSettings = {
				BUNDLE_LOADER = "$(TEST_HOST)";
				FRAMEWORK_SEARCH_PATHS = (
					"$(SDKROOT)/Developer/Library/Frameworks",
					"$(inherited)",
				);
				GCC_PREPROCESSOR_DEFINITIONS = (
					"DEBUG=1",
					"$(inherited)",
				);
				INFOPLIST_FILE = AKAControlsDemoTests/Info.plist;
				LD_RUNPATH_SEARCH_PATHS = "$(inherited) @executable_path/Frameworks @loader_path/Frameworks";
				PRODUCT_BUNDLE_IDENTIFIER = "com.aka-labs.$(PRODUCT_NAME:rfc1034identifier)";
				PRODUCT_NAME = "$(TARGET_NAME)";
				TEST_HOST = "$(BUILT_PRODUCTS_DIR)/AKAControlsDemo.app/AKAControlsDemo";
			};
			name = Debug;
		};
		8EBA334E1ABAFA82007436AA /* Release */ = {
			isa = XCBuildConfiguration;
			buildSettings = {
				BUNDLE_LOADER = "$(TEST_HOST)";
				FRAMEWORK_SEARCH_PATHS = (
					"$(SDKROOT)/Developer/Library/Frameworks",
					"$(inherited)",
				);
				INFOPLIST_FILE = AKAControlsDemoTests/Info.plist;
				LD_RUNPATH_SEARCH_PATHS = "$(inherited) @executable_path/Frameworks @loader_path/Frameworks";
				PRODUCT_BUNDLE_IDENTIFIER = "com.aka-labs.$(PRODUCT_NAME:rfc1034identifier)";
				PRODUCT_NAME = "$(TARGET_NAME)";
				TEST_HOST = "$(BUILT_PRODUCTS_DIR)/AKAControlsDemo.app/AKAControlsDemo";
			};
			name = Release;
		};
/* End XCBuildConfiguration section */

/* Begin XCConfigurationList section */
		8EBA33211ABAFA82007436AA /* Build configuration list for PBXProject "AKAControlsDemo" */ = {
			isa = XCConfigurationList;
			buildConfigurations = (
				8EBA33471ABAFA82007436AA /* Debug */,
				8EBA33481ABAFA82007436AA /* Release */,
			);
			defaultConfigurationIsVisible = 0;
			defaultConfigurationName = Release;
		};
		8EBA33491ABAFA82007436AA /* Build configuration list for PBXNativeTarget "AKAControlsDemo" */ = {
			isa = XCConfigurationList;
			buildConfigurations = (
				8EBA334A1ABAFA82007436AA /* Debug */,
				8EBA334B1ABAFA82007436AA /* Release */,
			);
			defaultConfigurationIsVisible = 0;
			defaultConfigurationName = Release;
		};
		8EBA334C1ABAFA82007436AA /* Build configuration list for PBXNativeTarget "AKAControlsDemoTests" */ = {
			isa = XCConfigurationList;
			buildConfigurations = (
				8EBA334D1ABAFA82007436AA /* Debug */,
				8EBA334E1ABAFA82007436AA /* Release */,
			);
			defaultConfigurationIsVisible = 0;
			defaultConfigurationName = Release;
		};
/* End XCConfigurationList section */
	};
	rootObject = 8EBA331E1ABAFA82007436AA /* Project object */;
}
